
Microsoft Visual Studio Solution File, Format Version 12.00
# Visual Studio Version 17
VisualStudioVersion = 17.5.2.0
MinimumVisualStudioVersion = 10.0.40219.1
Project("{9A19103F-16F7-4668-BE54-9A1E7A4F7556}") = "Allergy", "Allergy\Allergy.csproj", "{B690EDDE-AEB0-4DFA-9B6E-2052F5CCB04B}"
EndProject
Project("{9A19103F-16F7-4668-BE54-9A1E7A4F7556}") = "CaesarCipher", "CaesarCipher\CaesarCipher.csproj", "{C07BDCFE-AE57-49C3-8617-2D6FABABCEA6}"
EndProject
Project("{9A19103F-16F7-4668-BE54-9A1E7A4F7556}") = "CircularBuffer", "CircularBuffer\CircularBuffer.csproj", "{E141A03D-52DA-41F0-9D48-6CBDC583E65E}"
EndProject
Project("{9A19103F-16F7-4668-BE54-9A1E7A4F7556}") = "Clock", "Clock\Clock.csproj", "{E08CA77C-90B7-471E-AE32-4A88315FFE3F}"
EndProject
Project("{9A19103F-16F7-4668-BE54-9A1E7A4F7556}") = "GradeSchool", "GradeSchool\GradeSchool.csproj", "{55007A68-E84E-4738-B2A5-C50E4CC01902}"
EndProject
Project("{FAE04EC0-301F-11D3-BF4B-00C04F79EFBC}") = "BitwiseLearning", "BitwiseLearning\BitwiseLearning.csproj", "{313920DA-4FF2-4547-B2C7-EB938C36400F}"
EndProject
Project("{FAE04EC0-301F-11D3-BF4B-00C04F79EFBC}") = "BitwiseExercises", "BitwiseExercises\BitwiseExercises.csproj", "{8A910188-1BB7-4F0F-A468-E82A3BEB07D0}"
EndProject
Project("{FAE04EC0-301F-11D3-BF4B-00C04F79EFBC}") = "Dominoes", "Dominoes\Dominoes.csproj", "{C789CED6-7C00-4269-BF4A-F98BF61B203E}"
EndProject
Project("{FAE04EC0-301F-11D3-BF4B-00C04F79EFBC}") = "Pangram", "Pangram\Pangram.csproj", "{07C003E2-FF50-4EE8-805B-C292A8A63D07}"
EndProject
Project("{FAE04EC0-301F-11D3-BF4B-00C04F79EFBC}") = "Isogram", "Isogram\Isogram.csproj", "{A2309D6D-F83E-428F-9AC1-E4F6901EC871}"
EndProject
Project("{9A19103F-16F7-4668-BE54-9A1E7A4F7556}") = "Acronym", "Acronym\Acronym.csproj", "{C79E4226-18A0-41BD-A3BD-FCA2F7D34675}"
EndProject
Project("{FAE04EC0-301F-11D3-BF4B-00C04F79EFBC}") = "Grains", "Grains\Grains.csproj", "{D79AD77B-F0FD-4D45-9D11-3A1F4549A137}"
EndProject
Project("{FAE04EC0-301F-11D3-BF4B-00C04F79EFBC}") = "VariableLengthQuantity", "VariableLengthQuantity\VariableLengthQuantity.csproj", "{C5449B3F-BB37-4FE1-A1EF-03ABF69488BB}"
EndProject
Project("{FAE04EC0-301F-11D3-BF4B-00C04F79EFBC}") = "PerfectNumbers", "PerfectNumbers\PerfectNumbers.csproj", "{81A23781-BD77-4360-969F-43990358547E}"
EndProject
Project("{FAE04EC0-301F-11D3-BF4B-00C04F79EFBC}") = "Collatz", "Collatz\Collatz.csproj", "{0B74B6A4-DB24-442B-A8BA-9BA2461EC0D2}"
EndProject
Project("{FAE04EC0-301F-11D3-BF4B-00C04F79EFBC}") = "RainDrops", "RainDrops\RainDrops.csproj", "{1C45E657-6AC5-4FD6-A02F-3B788D69F429}"
EndProject
Project("{FAE04EC0-301F-11D3-BF4B-00C04F79EFBC}") = "RomanNumerals", "RomanNumerals\RomanNumerals.csproj", "{409CB4CA-3897-469C-9243-18A3CB3DEB46}"
EndProject
Project("{FAE04EC0-301F-11D3-BF4B-00C04F79EFBC}") = "PhoneNumberCleanUp", "PhoneNumberCleanUp\PhoneNumberCleanUp.csproj", "{4111A637-E4B0-4840-9C94-E215F508B9A0}"
EndProject
Project("{FAE04EC0-301F-11D3-BF4B-00C04F79EFBC}") = "ProteinTranslation", "ProteinTranslation\ProteinTranslation.csproj", "{CA1C71C7-7F76-46F6-B2F1-2429AE029116}"
EndProject
Project("{FAE04EC0-301F-11D3-BF4B-00C04F79EFBC}") = "ScrabbleScore", "ScrabbleScore\ScrabbleScore.csproj", "{459CDA36-E306-4039-9079-5E807A79A276}"
EndProject
Project("{FAE04EC0-301F-11D3-BF4B-00C04F79EFBC}") = "DifferenceOfSquares", "DifferenceOfSquares\DifferenceOfSquares.csproj", "{BCC89DCC-2054-47EF-A60B-6EFC54172B21}"
EndProject
Project("{FAE04EC0-301F-11D3-BF4B-00C04F79EFBC}") = "Forth", "Forth\Forth.csproj", "{B4FC07CD-4F7E-4A42-8A10-82BF352C28EE}"
EndProject
Project("{FAE04EC0-301F-11D3-BF4B-00C04F79EFBC}") = "ListOps", "ListOps\ListOps.csproj", "{49980EFD-550D-46FE-BD1B-80E2B89202A8}"
EndProject
Project("{FAE04EC0-301F-11D3-BF4B-00C04F79EFBC}") = "ForthTests", "ForthTests\ForthTests.csproj", "{1DA24F08-18F1-4A86-996D-EED50665C0DE}"
EndProject
Project("{FAE04EC0-301F-11D3-BF4B-00C04F79EFBC}") = "Meetup", "Meetup\Meetup.csproj", "{0E9AC96D-4AE0-43ED-8091-D58FCF38F324}"
EndProject
Project("{FAE04EC0-301F-11D3-BF4B-00C04F79EFBC}") = "ResistorColorDuo", "ResistorColorDuo\ResistorColorDuo.csproj", "{E025720B-9A6A-4E90-A5D7-67C47623EFCB}"
EndProject
Project("{FAE04EC0-301F-11D3-BF4B-00C04F79EFBC}") = "ResistorColorTrio", "ResistorColorTrio\ResistorColorTrio.csproj", "{A77BE0C4-10AB-468B-AEBB-6DB2BE254252}"
EndProject
Project("{FAE04EC0-301F-11D3-BF4B-00C04F79EFBC}") = "ParallelLetterFrequency", "ParallelLetterFrequency\ParallelLetterFrequency.csproj", "{7EAABA0F-8628-408C-86F8-269F73ACDE5F}"
EndProject
Project("{FAE04EC0-301F-11D3-BF4B-00C04F79EFBC}") = "Series", "Series\Series.csproj", "{1942ED6B-0C5E-49B6-A32B-D7C15C1AC518}"
EndProject
Project("{FAE04EC0-301F-11D3-BF4B-00C04F79EFBC}") = "SumOfMultiples", "SumOfMultiples\SumOfMultiples.csproj", "{52766655-8A50-4F75-A482-0903643BDFD5}"
EndProject
Project("{9A19103F-16F7-4668-BE54-9A1E7A4F7556}") = "Accumulate", "Accumulate\Accumulate.csproj", "{262B90F9-E2F8-4100-BE73-C80ED0A6D4B1}"
EndProject
Project("{9A19103F-16F7-4668-BE54-9A1E7A4F7556}") = "AllYourBase", "AllYourBase\AllYourBase.csproj", "{1A1C0E24-DCD5-4A61-9FE3-2DBAC8883176}"
EndProject
Project("{FAE04EC0-301F-11D3-BF4B-00C04F79EFBC}") = "LargestSeriesProduct", "LargestSeriesProduct\LargestSeriesProduct.csproj", "{BB1EE9F3-8E50-41EE-A197-294D8FC13090}"
EndProject
Project("{FAE04EC0-301F-11D3-BF4B-00C04F79EFBC}") = "PascalTriangle", "PascalTriangle\PascalTriangle.csproj", "{556A02D6-381D-4A38-AB49-028E7CB10848}"
EndProject
Project("{FAE04EC0-301F-11D3-BF4B-00C04F79EFBC}") = "PrimeFactors", "PrimeFactors\PrimeFactors.csproj", "{051FBF49-FF0C-4574-B550-7771B8AEB242}"
EndProject
Project("{FAE04EC0-301F-11D3-BF4B-00C04F79EFBC}") = "Sieve", "Sieve\Sieve.csproj", "{EF465EEA-A8F7-4DF2-AF9D-4B308AECAF72}"
EndProject
Project("{FAE04EC0-301F-11D3-BF4B-00C04F79EFBC}") = "Luhn", "Luhn\Luhn.csproj", "{2A958055-BB7E-48C6-AF21-17FFC64A616B}"
EndProject
Project("{FAE04EC0-301F-11D3-BF4B-00C04F79EFBC}") = "PythagoreanTriplet", "PythagoreanTriplet\PythagoreanTriplet.csproj", "{01E7D6DA-8898-4D20-8006-C81583A0A6A3}"
EndProject
Project("{9A19103F-16F7-4668-BE54-9A1E7A4F7556}") = "ArmstrongNumbers", "ArmstrongNumbers\ArmstrongNumbers.csproj", "{5EE5CA5A-1D1A-427D-8C54-4D3F4E618A73}"
EndProject
Project("{FAE04EC0-301F-11D3-BF4B-00C04F79EFBC}") = "Darts", "Darts\Darts.csproj", "{F184B835-A381-4C68-8004-999A169E3643}"
EndProject
Project("{FAE04EC0-301F-11D3-BF4B-00C04F79EFBC}") = "Triangle", "Triangle\Triangle.csproj", "{2C7A21FB-1391-4564-BC5D-A82CB4F59DFC}"
EndProject
Project("{FAE04EC0-301F-11D3-BF4B-00C04F79EFBC}") = "ZebraPuzzle", "ZebraPuzzle\ZebraPuzzle.csproj", "{A4C1FF09-5717-41B8-AAFB-4D9D41DDF200}"
EndProject
Project("{FAE04EC0-301F-11D3-BF4B-00C04F79EFBC}") = "BeerSong", "BeerSong\BeerSong.csproj", "{012A9F2F-A931-4777-B840-7CC02331F929}"
EndProject
Project("{FAE04EC0-301F-11D3-BF4B-00C04F79EFBC}") = "Proverb", "Proverb\Proverb.csproj", "{B0152762-E73D-4A5D-8AF2-8C32C9345A6F}"
EndProject
Project("{FAE04EC0-301F-11D3-BF4B-00C04F79EFBC}") = "Strain", "Strain\Strain.csproj", "{084D6BAF-790C-45A1-AFCA-6CF03A813259}"
EndProject
Project("{FAE04EC0-301F-11D3-BF4B-00C04F79EFBC}") = "House", "House\House.csproj", "{758DD920-6856-4054-871B-59512EE51131}"
EndProject
Project("{FAE04EC0-301F-11D3-BF4B-00C04F79EFBC}") = "Minesweeper", "Minesweeper\Minesweeper.csproj", "{A1F99857-7D2B-4AB7-AEA5-8DCA6478D491}"
EndProject
Project("{FAE04EC0-301F-11D3-BF4B-00C04F79EFBC}") = "DnDCharacter", "DnDCharacter\DnDCharacter.csproj", "{BF76C01A-92D5-4702-8CEA-5541BC0D9D24}"
EndProject
Project("{FAE04EC0-301F-11D3-BF4B-00C04F79EFBC}") = "PigLatin", "PigLatin\PigLatin.csproj", "{A6D8A60E-E1BE-4568-8B64-38DDE1FE4BD5}"
EndProject
Project("{FAE04EC0-301F-11D3-BF4B-00C04F79EFBC}") = "Yacht", "Yacht\Yacht.csproj", "{B66C2A07-04A5-4D8F-8606-9DCD0F05C3BA}"
EndProject
Project("{FAE04EC0-301F-11D3-BF4B-00C04F79EFBC}") = "BinarySearch", "BinarySearch\BinarySearch.csproj", "{2F86B115-8E8B-4EE6-9820-7AD331B5D247}"
EndProject
Project("{FAE04EC0-301F-11D3-BF4B-00C04F79EFBC}") = "SecretHandshake", "SecretHandshake\SecretHandshake.csproj", "{839B15EC-A5A6-4749-84CF-51F033F3A908}"
EndProject
Project("{9A19103F-16F7-4668-BE54-9A1E7A4F7556}") = "Anagram", "Anagram\Anagram.csproj", "{8F9EA843-D587-479B-9624-F6BF6C97F144}"
EndProject
Project("{FAE04EC0-301F-11D3-BF4B-00C04F79EFBC}") = "KindergartenGarden", "KindergartenGarden\KindergartenGarden.csproj", "{C80CD405-B04A-4CCB-9019-0AE1AE9F6408}"
EndProject
Project("{FAE04EC0-301F-11D3-BF4B-00C04F79EFBC}") = "RobotSimulator", "RobotSimulator\RobotSimulator.csproj", "{C71650E3-6041-4C6B-B4FC-E80B8822C905}"
EndProject
Project("{FAE04EC0-301F-11D3-BF4B-00C04F79EFBC}") = "Knapsack", "Knapsack\Knapsack.csproj", "{2D8A3961-3CDE-4C74-987C-28FC05353A5B}"
EndProject
Project("{9A19103F-16F7-4668-BE54-9A1E7A4F7556}") = "Alphametics", "Alphametics\Alphametics.csproj", "{8BC49814-E498-4FED-BF50-F8C728704AFC}"
EndProject
Project("{FAE04EC0-301F-11D3-BF4B-00C04F79EFBC}") = "TwoBucket", "TwoBucket\TwoBucket.csproj", "{D4AD6199-E2C0-40EF-A0D4-EC909596763E}"
EndProject
Project("{FAE04EC0-301F-11D3-BF4B-00C04F79EFBC}") = "TwoBucketTests", "TwoBucketTests\TwoBucketTests.csproj", "{5620324A-3809-4FD6-B5CA-A4F2B7813D5F}"
EndProject
Project("{FAE04EC0-301F-11D3-BF4B-00C04F79EFBC}") = "BottleSong", "BottleSong\BottleSong.csproj", "{1D99B324-5770-45E2-913F-10AF2A256B67}"
EndProject
Project("{FAE04EC0-301F-11D3-BF4B-00C04F79EFBC}") = "BottleSong.Tests", "BottleSong.Tests\BottleSong.Tests.csproj", "{1F118C9B-1CC7-4983-8275-03E39F1B5437}"
EndProject
Project("{FAE04EC0-301F-11D3-BF4B-00C04F79EFBC}") = "RationalNumbers", "RationalNumbers\RationalNumbers.csproj", "{66151EE0-67CD-41E4-A7E1-D3678D202641}"
EndProject
Project("{FAE04EC0-301F-11D3-BF4B-00C04F79EFBC}") = "RationalNumbers.Tests", "RationalNumbers.Tests\RationalNumbers.Tests.csproj", "{D1D58C7E-EA41-4109-B4B2-BC012CBD8B93}"
EndProject
Project("{FAE04EC0-301F-11D3-BF4B-00C04F79EFBC}") = "ETL", "ETL\ETL.csproj", "{83FF5B3B-193B-4443-B16A-33F5D5C65F52}"
EndProject
Project("{FAE04EC0-301F-11D3-BF4B-00C04F79EFBC}") = "ComplexNumbers", "ComplexNumbers\ComplexNumbers.csproj", "{4DCC2D6B-766E-489A-986A-84F4EB477F05}"
EndProject
Project("{FAE04EC0-301F-11D3-BF4B-00C04F79EFBC}") = "ComplexNumbers.Tests", "ComplexNumbers.Tests\ComplexNumbers.Tests.csproj", "{C157F818-A30E-4C8F-819B-2422BCF500DA}"
EndProject
Project("{FAE04EC0-301F-11D3-BF4B-00C04F79EFBC}") = "Matrix", "Matrix\Matrix.csproj", "{4000EEF8-5588-4FF4-B362-6D45585F3EBD}"
EndProject
Project("{FAE04EC0-301F-11D3-BF4B-00C04F79EFBC}") = "Matrix.Tests", "Matrix.Tests\Matrix.Tests.csproj", "{6BBFD5E5-C157-45D9-8B56-348270E7E52F}"
EndProject
Project("{FAE04EC0-301F-11D3-BF4B-00C04F79EFBC}") = "FoodChain", "FoodChain\FoodChain.csproj", "{D2A427EA-CC32-4E4E-B82B-81E1D2658B4A}"
EndProject
Project("{FAE04EC0-301F-11D3-BF4B-00C04F79EFBC}") = "FoodChain.Tests", "FoodChain.Tests\FoodChain.Tests.csproj", "{8479138F-0D5F-4367-873C-00BC336D2BC9}"
EndProject
Project("{FAE04EC0-301F-11D3-BF4B-00C04F79EFBC}") = "CryptoSquare", "CryptoSquare\CryptoSquare.csproj", "{36FE92CC-D0B4-4633-AF44-3C17B9CF71E2}"
EndProject
Project("{FAE04EC0-301F-11D3-BF4B-00C04F79EFBC}") = "CryptoSquare.Tests", "CryptoSquare.Tests\CryptoSquare.Tests.csproj", "{27B847D3-1793-44B9-9E54-150D781515F5}"
EndProject
Project("{FAE04EC0-301F-11D3-BF4B-00C04F79EFBC}") = "ScaleGenerator", "ScaleGenerator\ScaleGenerator.csproj", "{1422A451-8AB9-4988-AEDF-872860FE1D2B}"
EndProject
Project("{FAE04EC0-301F-11D3-BF4B-00C04F79EFBC}") = "ScaleGenerator.Tests", "ScaleGenerator.Tests\ScaleGenerator.Tests.csproj", "{733B6856-FDBE-484F-B593-FE9F1AB18091}"
EndProject
Project("{FAE04EC0-301F-11D3-BF4B-00C04F79EFBC}") = "TreeBuilding", "TreeBuilding\TreeBuilding.csproj", "{EEE936DC-A1D8-4BAC-83D6-F45ECED13B80}"
EndProject
Project("{FAE04EC0-301F-11D3-BF4B-00C04F79EFBC}") = "TreeBuilding.Tests", "TreeBuilding.Tests\TreeBuilding.Tests.csproj", "{48B3D134-34FF-4B83-80B5-0B95F4089E89}"
EndProject
Project("{FAE04EC0-301F-11D3-BF4B-00C04F79EFBC}") = "SmallestChange", "SmallestChange\SmallestChange.csproj", "{8AB8373E-68DE-49AD-BB7D-E048BB1DC261}"
EndProject
Project("{FAE04EC0-301F-11D3-BF4B-00C04F79EFBC}") = "SmallestChange.Tests", "SmallestChange.Tests\SmallestChange.Tests.csproj", "{6EFF2795-5DF6-4D48-A63C-BA6FF800D2F7}"
EndProject
Project("{FAE04EC0-301F-11D3-BF4B-00C04F79EFBC}") = "Rectangles", "Rectangles\Rectangles.csproj", "{4325684F-079D-42F3-BB4E-0EB80AC333BB}"
EndProject
Project("{FAE04EC0-301F-11D3-BF4B-00C04F79EFBC}") = "Rectangles.Tests", "Rectangles.Tests\Rectangles.Tests.csproj", "{3130F354-AA4A-4726-BD8F-52FE0022C308}"
EndProject
Project("{FAE04EC0-301F-11D3-BF4B-00C04F79EFBC}") = "Wordy", "Wordy\Wordy.csproj", "{3543AA37-3CF2-4178-8EFC-561C4CA27D93}"
EndProject
Project("{FAE04EC0-301F-11D3-BF4B-00C04F79EFBC}") = "Wordy.Tests", "Wordy.Tests\Wordy.Tests.csproj", "{83389435-9F84-416D-ABA9-2A6BF170DB3F}"
EndProject
Project("{FAE04EC0-301F-11D3-BF4B-00C04F79EFBC}") = "FlattenArray", "FlattenArray\FlattenArray.csproj", "{7387D8F7-7DD9-482A-B0B9-4A696B9D0B00}"
EndProject
Project("{FAE04EC0-301F-11D3-BF4B-00C04F79EFBC}") = "FlattenArray.Tests", "FlattenArray.Tests\FlattenArray.Tests.csproj", "{57226358-A9A1-4232-AD51-C03B2D37A083}"
EndProject
Project("{FAE04EC0-301F-11D3-BF4B-00C04F79EFBC}") = "Alphametics.Tests", "Alphametics.Tests\Alphametics.Tests.csproj", "{F1536D21-C04D-4E85-A498-14F2C02670F0}"
EndProject
Global
	GlobalSection(SolutionConfigurationPlatforms) = preSolution
		Debug|Any CPU = Debug|Any CPU
		Debug|x64 = Debug|x64
		Debug|x86 = Debug|x86
		Release|Any CPU = Release|Any CPU
		Release|x64 = Release|x64
		Release|x86 = Release|x86
	EndGlobalSection
	GlobalSection(ProjectConfigurationPlatforms) = postSolution
		{B690EDDE-AEB0-4DFA-9B6E-2052F5CCB04B}.Debug|Any CPU.ActiveCfg = Debug|Any CPU
		{B690EDDE-AEB0-4DFA-9B6E-2052F5CCB04B}.Debug|Any CPU.Build.0 = Debug|Any CPU
		{B690EDDE-AEB0-4DFA-9B6E-2052F5CCB04B}.Debug|x64.ActiveCfg = Debug|Any CPU
		{B690EDDE-AEB0-4DFA-9B6E-2052F5CCB04B}.Debug|x64.Build.0 = Debug|Any CPU
		{B690EDDE-AEB0-4DFA-9B6E-2052F5CCB04B}.Debug|x86.ActiveCfg = Debug|Any CPU
		{B690EDDE-AEB0-4DFA-9B6E-2052F5CCB04B}.Debug|x86.Build.0 = Debug|Any CPU
		{B690EDDE-AEB0-4DFA-9B6E-2052F5CCB04B}.Release|Any CPU.ActiveCfg = Release|Any CPU
		{B690EDDE-AEB0-4DFA-9B6E-2052F5CCB04B}.Release|Any CPU.Build.0 = Release|Any CPU
		{B690EDDE-AEB0-4DFA-9B6E-2052F5CCB04B}.Release|x64.ActiveCfg = Release|Any CPU
		{B690EDDE-AEB0-4DFA-9B6E-2052F5CCB04B}.Release|x64.Build.0 = Release|Any CPU
		{B690EDDE-AEB0-4DFA-9B6E-2052F5CCB04B}.Release|x86.ActiveCfg = Release|Any CPU
		{B690EDDE-AEB0-4DFA-9B6E-2052F5CCB04B}.Release|x86.Build.0 = Release|Any CPU
		{C07BDCFE-AE57-49C3-8617-2D6FABABCEA6}.Debug|Any CPU.ActiveCfg = Debug|Any CPU
		{C07BDCFE-AE57-49C3-8617-2D6FABABCEA6}.Debug|Any CPU.Build.0 = Debug|Any CPU
		{C07BDCFE-AE57-49C3-8617-2D6FABABCEA6}.Debug|x64.ActiveCfg = Debug|Any CPU
		{C07BDCFE-AE57-49C3-8617-2D6FABABCEA6}.Debug|x64.Build.0 = Debug|Any CPU
		{C07BDCFE-AE57-49C3-8617-2D6FABABCEA6}.Debug|x86.ActiveCfg = Debug|Any CPU
		{C07BDCFE-AE57-49C3-8617-2D6FABABCEA6}.Debug|x86.Build.0 = Debug|Any CPU
		{C07BDCFE-AE57-49C3-8617-2D6FABABCEA6}.Release|Any CPU.ActiveCfg = Release|Any CPU
		{C07BDCFE-AE57-49C3-8617-2D6FABABCEA6}.Release|Any CPU.Build.0 = Release|Any CPU
		{C07BDCFE-AE57-49C3-8617-2D6FABABCEA6}.Release|x64.ActiveCfg = Release|Any CPU
		{C07BDCFE-AE57-49C3-8617-2D6FABABCEA6}.Release|x64.Build.0 = Release|Any CPU
		{C07BDCFE-AE57-49C3-8617-2D6FABABCEA6}.Release|x86.ActiveCfg = Release|Any CPU
		{C07BDCFE-AE57-49C3-8617-2D6FABABCEA6}.Release|x86.Build.0 = Release|Any CPU
		{E141A03D-52DA-41F0-9D48-6CBDC583E65E}.Debug|Any CPU.ActiveCfg = Debug|Any CPU
		{E141A03D-52DA-41F0-9D48-6CBDC583E65E}.Debug|Any CPU.Build.0 = Debug|Any CPU
		{E141A03D-52DA-41F0-9D48-6CBDC583E65E}.Debug|x64.ActiveCfg = Debug|Any CPU
		{E141A03D-52DA-41F0-9D48-6CBDC583E65E}.Debug|x64.Build.0 = Debug|Any CPU
		{E141A03D-52DA-41F0-9D48-6CBDC583E65E}.Debug|x86.ActiveCfg = Debug|Any CPU
		{E141A03D-52DA-41F0-9D48-6CBDC583E65E}.Debug|x86.Build.0 = Debug|Any CPU
		{E141A03D-52DA-41F0-9D48-6CBDC583E65E}.Release|Any CPU.ActiveCfg = Release|Any CPU
		{E141A03D-52DA-41F0-9D48-6CBDC583E65E}.Release|Any CPU.Build.0 = Release|Any CPU
		{E141A03D-52DA-41F0-9D48-6CBDC583E65E}.Release|x64.ActiveCfg = Release|Any CPU
		{E141A03D-52DA-41F0-9D48-6CBDC583E65E}.Release|x64.Build.0 = Release|Any CPU
		{E141A03D-52DA-41F0-9D48-6CBDC583E65E}.Release|x86.ActiveCfg = Release|Any CPU
		{E141A03D-52DA-41F0-9D48-6CBDC583E65E}.Release|x86.Build.0 = Release|Any CPU
		{E08CA77C-90B7-471E-AE32-4A88315FFE3F}.Debug|Any CPU.ActiveCfg = Debug|Any CPU
		{E08CA77C-90B7-471E-AE32-4A88315FFE3F}.Debug|Any CPU.Build.0 = Debug|Any CPU
		{E08CA77C-90B7-471E-AE32-4A88315FFE3F}.Debug|x64.ActiveCfg = Debug|Any CPU
		{E08CA77C-90B7-471E-AE32-4A88315FFE3F}.Debug|x64.Build.0 = Debug|Any CPU
		{E08CA77C-90B7-471E-AE32-4A88315FFE3F}.Debug|x86.ActiveCfg = Debug|Any CPU
		{E08CA77C-90B7-471E-AE32-4A88315FFE3F}.Debug|x86.Build.0 = Debug|Any CPU
		{E08CA77C-90B7-471E-AE32-4A88315FFE3F}.Release|Any CPU.ActiveCfg = Release|Any CPU
		{E08CA77C-90B7-471E-AE32-4A88315FFE3F}.Release|Any CPU.Build.0 = Release|Any CPU
		{E08CA77C-90B7-471E-AE32-4A88315FFE3F}.Release|x64.ActiveCfg = Release|Any CPU
		{E08CA77C-90B7-471E-AE32-4A88315FFE3F}.Release|x64.Build.0 = Release|Any CPU
		{E08CA77C-90B7-471E-AE32-4A88315FFE3F}.Release|x86.ActiveCfg = Release|Any CPU
		{E08CA77C-90B7-471E-AE32-4A88315FFE3F}.Release|x86.Build.0 = Release|Any CPU
		{55007A68-E84E-4738-B2A5-C50E4CC01902}.Debug|Any CPU.ActiveCfg = Debug|Any CPU
		{55007A68-E84E-4738-B2A5-C50E4CC01902}.Debug|Any CPU.Build.0 = Debug|Any CPU
		{55007A68-E84E-4738-B2A5-C50E4CC01902}.Debug|x64.ActiveCfg = Debug|Any CPU
		{55007A68-E84E-4738-B2A5-C50E4CC01902}.Debug|x64.Build.0 = Debug|Any CPU
		{55007A68-E84E-4738-B2A5-C50E4CC01902}.Debug|x86.ActiveCfg = Debug|Any CPU
		{55007A68-E84E-4738-B2A5-C50E4CC01902}.Debug|x86.Build.0 = Debug|Any CPU
		{55007A68-E84E-4738-B2A5-C50E4CC01902}.Release|Any CPU.ActiveCfg = Release|Any CPU
		{55007A68-E84E-4738-B2A5-C50E4CC01902}.Release|Any CPU.Build.0 = Release|Any CPU
		{55007A68-E84E-4738-B2A5-C50E4CC01902}.Release|x64.ActiveCfg = Release|Any CPU
		{55007A68-E84E-4738-B2A5-C50E4CC01902}.Release|x64.Build.0 = Release|Any CPU
		{55007A68-E84E-4738-B2A5-C50E4CC01902}.Release|x86.ActiveCfg = Release|Any CPU
		{55007A68-E84E-4738-B2A5-C50E4CC01902}.Release|x86.Build.0 = Release|Any CPU
		{313920DA-4FF2-4547-B2C7-EB938C36400F}.Debug|Any CPU.ActiveCfg = Debug|Any CPU
		{313920DA-4FF2-4547-B2C7-EB938C36400F}.Debug|Any CPU.Build.0 = Debug|Any CPU
		{313920DA-4FF2-4547-B2C7-EB938C36400F}.Debug|x64.ActiveCfg = Debug|Any CPU
		{313920DA-4FF2-4547-B2C7-EB938C36400F}.Debug|x64.Build.0 = Debug|Any CPU
		{313920DA-4FF2-4547-B2C7-EB938C36400F}.Debug|x86.ActiveCfg = Debug|Any CPU
		{313920DA-4FF2-4547-B2C7-EB938C36400F}.Debug|x86.Build.0 = Debug|Any CPU
		{313920DA-4FF2-4547-B2C7-EB938C36400F}.Release|Any CPU.ActiveCfg = Release|Any CPU
		{313920DA-4FF2-4547-B2C7-EB938C36400F}.Release|Any CPU.Build.0 = Release|Any CPU
		{313920DA-4FF2-4547-B2C7-EB938C36400F}.Release|x64.ActiveCfg = Release|Any CPU
		{313920DA-4FF2-4547-B2C7-EB938C36400F}.Release|x64.Build.0 = Release|Any CPU
		{313920DA-4FF2-4547-B2C7-EB938C36400F}.Release|x86.ActiveCfg = Release|Any CPU
		{313920DA-4FF2-4547-B2C7-EB938C36400F}.Release|x86.Build.0 = Release|Any CPU
		{8A910188-1BB7-4F0F-A468-E82A3BEB07D0}.Debug|Any CPU.ActiveCfg = Debug|Any CPU
		{8A910188-1BB7-4F0F-A468-E82A3BEB07D0}.Debug|Any CPU.Build.0 = Debug|Any CPU
		{8A910188-1BB7-4F0F-A468-E82A3BEB07D0}.Debug|x64.ActiveCfg = Debug|Any CPU
		{8A910188-1BB7-4F0F-A468-E82A3BEB07D0}.Debug|x64.Build.0 = Debug|Any CPU
		{8A910188-1BB7-4F0F-A468-E82A3BEB07D0}.Debug|x86.ActiveCfg = Debug|Any CPU
		{8A910188-1BB7-4F0F-A468-E82A3BEB07D0}.Debug|x86.Build.0 = Debug|Any CPU
		{8A910188-1BB7-4F0F-A468-E82A3BEB07D0}.Release|Any CPU.ActiveCfg = Release|Any CPU
		{8A910188-1BB7-4F0F-A468-E82A3BEB07D0}.Release|Any CPU.Build.0 = Release|Any CPU
		{8A910188-1BB7-4F0F-A468-E82A3BEB07D0}.Release|x64.ActiveCfg = Release|Any CPU
		{8A910188-1BB7-4F0F-A468-E82A3BEB07D0}.Release|x64.Build.0 = Release|Any CPU
		{8A910188-1BB7-4F0F-A468-E82A3BEB07D0}.Release|x86.ActiveCfg = Release|Any CPU
		{8A910188-1BB7-4F0F-A468-E82A3BEB07D0}.Release|x86.Build.0 = Release|Any CPU
		{C789CED6-7C00-4269-BF4A-F98BF61B203E}.Debug|Any CPU.ActiveCfg = Debug|Any CPU
		{C789CED6-7C00-4269-BF4A-F98BF61B203E}.Debug|Any CPU.Build.0 = Debug|Any CPU
		{C789CED6-7C00-4269-BF4A-F98BF61B203E}.Debug|x64.ActiveCfg = Debug|Any CPU
		{C789CED6-7C00-4269-BF4A-F98BF61B203E}.Debug|x64.Build.0 = Debug|Any CPU
		{C789CED6-7C00-4269-BF4A-F98BF61B203E}.Debug|x86.ActiveCfg = Debug|Any CPU
		{C789CED6-7C00-4269-BF4A-F98BF61B203E}.Debug|x86.Build.0 = Debug|Any CPU
		{C789CED6-7C00-4269-BF4A-F98BF61B203E}.Release|Any CPU.ActiveCfg = Release|Any CPU
		{C789CED6-7C00-4269-BF4A-F98BF61B203E}.Release|Any CPU.Build.0 = Release|Any CPU
		{C789CED6-7C00-4269-BF4A-F98BF61B203E}.Release|x64.ActiveCfg = Release|Any CPU
		{C789CED6-7C00-4269-BF4A-F98BF61B203E}.Release|x64.Build.0 = Release|Any CPU
		{C789CED6-7C00-4269-BF4A-F98BF61B203E}.Release|x86.ActiveCfg = Release|Any CPU
		{C789CED6-7C00-4269-BF4A-F98BF61B203E}.Release|x86.Build.0 = Release|Any CPU
		{07C003E2-FF50-4EE8-805B-C292A8A63D07}.Debug|Any CPU.ActiveCfg = Debug|Any CPU
		{07C003E2-FF50-4EE8-805B-C292A8A63D07}.Debug|Any CPU.Build.0 = Debug|Any CPU
		{07C003E2-FF50-4EE8-805B-C292A8A63D07}.Debug|x64.ActiveCfg = Debug|Any CPU
		{07C003E2-FF50-4EE8-805B-C292A8A63D07}.Debug|x64.Build.0 = Debug|Any CPU
		{07C003E2-FF50-4EE8-805B-C292A8A63D07}.Debug|x86.ActiveCfg = Debug|Any CPU
		{07C003E2-FF50-4EE8-805B-C292A8A63D07}.Debug|x86.Build.0 = Debug|Any CPU
		{07C003E2-FF50-4EE8-805B-C292A8A63D07}.Release|Any CPU.ActiveCfg = Release|Any CPU
		{07C003E2-FF50-4EE8-805B-C292A8A63D07}.Release|Any CPU.Build.0 = Release|Any CPU
		{07C003E2-FF50-4EE8-805B-C292A8A63D07}.Release|x64.ActiveCfg = Release|Any CPU
		{07C003E2-FF50-4EE8-805B-C292A8A63D07}.Release|x64.Build.0 = Release|Any CPU
		{07C003E2-FF50-4EE8-805B-C292A8A63D07}.Release|x86.ActiveCfg = Release|Any CPU
		{07C003E2-FF50-4EE8-805B-C292A8A63D07}.Release|x86.Build.0 = Release|Any CPU
		{A2309D6D-F83E-428F-9AC1-E4F6901EC871}.Debug|Any CPU.ActiveCfg = Debug|Any CPU
		{A2309D6D-F83E-428F-9AC1-E4F6901EC871}.Debug|Any CPU.Build.0 = Debug|Any CPU
		{A2309D6D-F83E-428F-9AC1-E4F6901EC871}.Debug|x64.ActiveCfg = Debug|Any CPU
		{A2309D6D-F83E-428F-9AC1-E4F6901EC871}.Debug|x64.Build.0 = Debug|Any CPU
		{A2309D6D-F83E-428F-9AC1-E4F6901EC871}.Debug|x86.ActiveCfg = Debug|Any CPU
		{A2309D6D-F83E-428F-9AC1-E4F6901EC871}.Debug|x86.Build.0 = Debug|Any CPU
		{A2309D6D-F83E-428F-9AC1-E4F6901EC871}.Release|Any CPU.ActiveCfg = Release|Any CPU
		{A2309D6D-F83E-428F-9AC1-E4F6901EC871}.Release|Any CPU.Build.0 = Release|Any CPU
		{A2309D6D-F83E-428F-9AC1-E4F6901EC871}.Release|x64.ActiveCfg = Release|Any CPU
		{A2309D6D-F83E-428F-9AC1-E4F6901EC871}.Release|x64.Build.0 = Release|Any CPU
		{A2309D6D-F83E-428F-9AC1-E4F6901EC871}.Release|x86.ActiveCfg = Release|Any CPU
		{A2309D6D-F83E-428F-9AC1-E4F6901EC871}.Release|x86.Build.0 = Release|Any CPU
		{C79E4226-18A0-41BD-A3BD-FCA2F7D34675}.Debug|Any CPU.ActiveCfg = Debug|Any CPU
		{C79E4226-18A0-41BD-A3BD-FCA2F7D34675}.Debug|Any CPU.Build.0 = Debug|Any CPU
		{C79E4226-18A0-41BD-A3BD-FCA2F7D34675}.Debug|x64.ActiveCfg = Debug|Any CPU
		{C79E4226-18A0-41BD-A3BD-FCA2F7D34675}.Debug|x64.Build.0 = Debug|Any CPU
		{C79E4226-18A0-41BD-A3BD-FCA2F7D34675}.Debug|x86.ActiveCfg = Debug|Any CPU
		{C79E4226-18A0-41BD-A3BD-FCA2F7D34675}.Debug|x86.Build.0 = Debug|Any CPU
		{C79E4226-18A0-41BD-A3BD-FCA2F7D34675}.Release|Any CPU.ActiveCfg = Release|Any CPU
		{C79E4226-18A0-41BD-A3BD-FCA2F7D34675}.Release|Any CPU.Build.0 = Release|Any CPU
		{C79E4226-18A0-41BD-A3BD-FCA2F7D34675}.Release|x64.ActiveCfg = Release|Any CPU
		{C79E4226-18A0-41BD-A3BD-FCA2F7D34675}.Release|x64.Build.0 = Release|Any CPU
		{C79E4226-18A0-41BD-A3BD-FCA2F7D34675}.Release|x86.ActiveCfg = Release|Any CPU
		{C79E4226-18A0-41BD-A3BD-FCA2F7D34675}.Release|x86.Build.0 = Release|Any CPU
		{D79AD77B-F0FD-4D45-9D11-3A1F4549A137}.Debug|Any CPU.ActiveCfg = Debug|Any CPU
		{D79AD77B-F0FD-4D45-9D11-3A1F4549A137}.Debug|Any CPU.Build.0 = Debug|Any CPU
		{D79AD77B-F0FD-4D45-9D11-3A1F4549A137}.Debug|x64.ActiveCfg = Debug|Any CPU
		{D79AD77B-F0FD-4D45-9D11-3A1F4549A137}.Debug|x64.Build.0 = Debug|Any CPU
		{D79AD77B-F0FD-4D45-9D11-3A1F4549A137}.Debug|x86.ActiveCfg = Debug|Any CPU
		{D79AD77B-F0FD-4D45-9D11-3A1F4549A137}.Debug|x86.Build.0 = Debug|Any CPU
		{D79AD77B-F0FD-4D45-9D11-3A1F4549A137}.Release|Any CPU.ActiveCfg = Release|Any CPU
		{D79AD77B-F0FD-4D45-9D11-3A1F4549A137}.Release|Any CPU.Build.0 = Release|Any CPU
		{D79AD77B-F0FD-4D45-9D11-3A1F4549A137}.Release|x64.ActiveCfg = Release|Any CPU
		{D79AD77B-F0FD-4D45-9D11-3A1F4549A137}.Release|x64.Build.0 = Release|Any CPU
		{D79AD77B-F0FD-4D45-9D11-3A1F4549A137}.Release|x86.ActiveCfg = Release|Any CPU
		{D79AD77B-F0FD-4D45-9D11-3A1F4549A137}.Release|x86.Build.0 = Release|Any CPU
		{C5449B3F-BB37-4FE1-A1EF-03ABF69488BB}.Debug|Any CPU.ActiveCfg = Debug|Any CPU
		{C5449B3F-BB37-4FE1-A1EF-03ABF69488BB}.Debug|Any CPU.Build.0 = Debug|Any CPU
		{C5449B3F-BB37-4FE1-A1EF-03ABF69488BB}.Debug|x64.ActiveCfg = Debug|Any CPU
		{C5449B3F-BB37-4FE1-A1EF-03ABF69488BB}.Debug|x64.Build.0 = Debug|Any CPU
		{C5449B3F-BB37-4FE1-A1EF-03ABF69488BB}.Debug|x86.ActiveCfg = Debug|Any CPU
		{C5449B3F-BB37-4FE1-A1EF-03ABF69488BB}.Debug|x86.Build.0 = Debug|Any CPU
		{C5449B3F-BB37-4FE1-A1EF-03ABF69488BB}.Release|Any CPU.ActiveCfg = Release|Any CPU
		{C5449B3F-BB37-4FE1-A1EF-03ABF69488BB}.Release|Any CPU.Build.0 = Release|Any CPU
		{C5449B3F-BB37-4FE1-A1EF-03ABF69488BB}.Release|x64.ActiveCfg = Release|Any CPU
		{C5449B3F-BB37-4FE1-A1EF-03ABF69488BB}.Release|x64.Build.0 = Release|Any CPU
		{C5449B3F-BB37-4FE1-A1EF-03ABF69488BB}.Release|x86.ActiveCfg = Release|Any CPU
		{C5449B3F-BB37-4FE1-A1EF-03ABF69488BB}.Release|x86.Build.0 = Release|Any CPU
		{81A23781-BD77-4360-969F-43990358547E}.Debug|Any CPU.ActiveCfg = Debug|Any CPU
		{81A23781-BD77-4360-969F-43990358547E}.Debug|Any CPU.Build.0 = Debug|Any CPU
		{81A23781-BD77-4360-969F-43990358547E}.Debug|x64.ActiveCfg = Debug|Any CPU
		{81A23781-BD77-4360-969F-43990358547E}.Debug|x64.Build.0 = Debug|Any CPU
		{81A23781-BD77-4360-969F-43990358547E}.Debug|x86.ActiveCfg = Debug|Any CPU
		{81A23781-BD77-4360-969F-43990358547E}.Debug|x86.Build.0 = Debug|Any CPU
		{81A23781-BD77-4360-969F-43990358547E}.Release|Any CPU.ActiveCfg = Release|Any CPU
		{81A23781-BD77-4360-969F-43990358547E}.Release|Any CPU.Build.0 = Release|Any CPU
		{81A23781-BD77-4360-969F-43990358547E}.Release|x64.ActiveCfg = Release|Any CPU
		{81A23781-BD77-4360-969F-43990358547E}.Release|x64.Build.0 = Release|Any CPU
		{81A23781-BD77-4360-969F-43990358547E}.Release|x86.ActiveCfg = Release|Any CPU
		{81A23781-BD77-4360-969F-43990358547E}.Release|x86.Build.0 = Release|Any CPU
		{0B74B6A4-DB24-442B-A8BA-9BA2461EC0D2}.Debug|Any CPU.ActiveCfg = Debug|Any CPU
		{0B74B6A4-DB24-442B-A8BA-9BA2461EC0D2}.Debug|Any CPU.Build.0 = Debug|Any CPU
		{0B74B6A4-DB24-442B-A8BA-9BA2461EC0D2}.Debug|x64.ActiveCfg = Debug|Any CPU
		{0B74B6A4-DB24-442B-A8BA-9BA2461EC0D2}.Debug|x64.Build.0 = Debug|Any CPU
		{0B74B6A4-DB24-442B-A8BA-9BA2461EC0D2}.Debug|x86.ActiveCfg = Debug|Any CPU
		{0B74B6A4-DB24-442B-A8BA-9BA2461EC0D2}.Debug|x86.Build.0 = Debug|Any CPU
		{0B74B6A4-DB24-442B-A8BA-9BA2461EC0D2}.Release|Any CPU.ActiveCfg = Release|Any CPU
		{0B74B6A4-DB24-442B-A8BA-9BA2461EC0D2}.Release|Any CPU.Build.0 = Release|Any CPU
		{0B74B6A4-DB24-442B-A8BA-9BA2461EC0D2}.Release|x64.ActiveCfg = Release|Any CPU
		{0B74B6A4-DB24-442B-A8BA-9BA2461EC0D2}.Release|x64.Build.0 = Release|Any CPU
		{0B74B6A4-DB24-442B-A8BA-9BA2461EC0D2}.Release|x86.ActiveCfg = Release|Any CPU
		{0B74B6A4-DB24-442B-A8BA-9BA2461EC0D2}.Release|x86.Build.0 = Release|Any CPU
		{1C45E657-6AC5-4FD6-A02F-3B788D69F429}.Debug|Any CPU.ActiveCfg = Debug|Any CPU
		{1C45E657-6AC5-4FD6-A02F-3B788D69F429}.Debug|Any CPU.Build.0 = Debug|Any CPU
		{1C45E657-6AC5-4FD6-A02F-3B788D69F429}.Debug|x64.ActiveCfg = Debug|Any CPU
		{1C45E657-6AC5-4FD6-A02F-3B788D69F429}.Debug|x64.Build.0 = Debug|Any CPU
		{1C45E657-6AC5-4FD6-A02F-3B788D69F429}.Debug|x86.ActiveCfg = Debug|Any CPU
		{1C45E657-6AC5-4FD6-A02F-3B788D69F429}.Debug|x86.Build.0 = Debug|Any CPU
		{1C45E657-6AC5-4FD6-A02F-3B788D69F429}.Release|Any CPU.ActiveCfg = Release|Any CPU
		{1C45E657-6AC5-4FD6-A02F-3B788D69F429}.Release|Any CPU.Build.0 = Release|Any CPU
		{1C45E657-6AC5-4FD6-A02F-3B788D69F429}.Release|x64.ActiveCfg = Release|Any CPU
		{1C45E657-6AC5-4FD6-A02F-3B788D69F429}.Release|x64.Build.0 = Release|Any CPU
		{1C45E657-6AC5-4FD6-A02F-3B788D69F429}.Release|x86.ActiveCfg = Release|Any CPU
		{1C45E657-6AC5-4FD6-A02F-3B788D69F429}.Release|x86.Build.0 = Release|Any CPU
		{409CB4CA-3897-469C-9243-18A3CB3DEB46}.Debug|Any CPU.ActiveCfg = Debug|Any CPU
		{409CB4CA-3897-469C-9243-18A3CB3DEB46}.Debug|Any CPU.Build.0 = Debug|Any CPU
		{409CB4CA-3897-469C-9243-18A3CB3DEB46}.Debug|x64.ActiveCfg = Debug|Any CPU
		{409CB4CA-3897-469C-9243-18A3CB3DEB46}.Debug|x64.Build.0 = Debug|Any CPU
		{409CB4CA-3897-469C-9243-18A3CB3DEB46}.Debug|x86.ActiveCfg = Debug|Any CPU
		{409CB4CA-3897-469C-9243-18A3CB3DEB46}.Debug|x86.Build.0 = Debug|Any CPU
		{409CB4CA-3897-469C-9243-18A3CB3DEB46}.Release|Any CPU.ActiveCfg = Release|Any CPU
		{409CB4CA-3897-469C-9243-18A3CB3DEB46}.Release|Any CPU.Build.0 = Release|Any CPU
		{409CB4CA-3897-469C-9243-18A3CB3DEB46}.Release|x64.ActiveCfg = Release|Any CPU
		{409CB4CA-3897-469C-9243-18A3CB3DEB46}.Release|x64.Build.0 = Release|Any CPU
		{409CB4CA-3897-469C-9243-18A3CB3DEB46}.Release|x86.ActiveCfg = Release|Any CPU
		{409CB4CA-3897-469C-9243-18A3CB3DEB46}.Release|x86.Build.0 = Release|Any CPU
		{4111A637-E4B0-4840-9C94-E215F508B9A0}.Debug|Any CPU.ActiveCfg = Debug|Any CPU
		{4111A637-E4B0-4840-9C94-E215F508B9A0}.Debug|Any CPU.Build.0 = Debug|Any CPU
		{4111A637-E4B0-4840-9C94-E215F508B9A0}.Debug|x64.ActiveCfg = Debug|Any CPU
		{4111A637-E4B0-4840-9C94-E215F508B9A0}.Debug|x64.Build.0 = Debug|Any CPU
		{4111A637-E4B0-4840-9C94-E215F508B9A0}.Debug|x86.ActiveCfg = Debug|Any CPU
		{4111A637-E4B0-4840-9C94-E215F508B9A0}.Debug|x86.Build.0 = Debug|Any CPU
		{4111A637-E4B0-4840-9C94-E215F508B9A0}.Release|Any CPU.ActiveCfg = Release|Any CPU
		{4111A637-E4B0-4840-9C94-E215F508B9A0}.Release|Any CPU.Build.0 = Release|Any CPU
		{4111A637-E4B0-4840-9C94-E215F508B9A0}.Release|x64.ActiveCfg = Release|Any CPU
		{4111A637-E4B0-4840-9C94-E215F508B9A0}.Release|x64.Build.0 = Release|Any CPU
		{4111A637-E4B0-4840-9C94-E215F508B9A0}.Release|x86.ActiveCfg = Release|Any CPU
		{4111A637-E4B0-4840-9C94-E215F508B9A0}.Release|x86.Build.0 = Release|Any CPU
		{CA1C71C7-7F76-46F6-B2F1-2429AE029116}.Debug|Any CPU.ActiveCfg = Debug|Any CPU
		{CA1C71C7-7F76-46F6-B2F1-2429AE029116}.Debug|Any CPU.Build.0 = Debug|Any CPU
		{CA1C71C7-7F76-46F6-B2F1-2429AE029116}.Debug|x64.ActiveCfg = Debug|Any CPU
		{CA1C71C7-7F76-46F6-B2F1-2429AE029116}.Debug|x64.Build.0 = Debug|Any CPU
		{CA1C71C7-7F76-46F6-B2F1-2429AE029116}.Debug|x86.ActiveCfg = Debug|Any CPU
		{CA1C71C7-7F76-46F6-B2F1-2429AE029116}.Debug|x86.Build.0 = Debug|Any CPU
		{CA1C71C7-7F76-46F6-B2F1-2429AE029116}.Release|Any CPU.ActiveCfg = Release|Any CPU
		{CA1C71C7-7F76-46F6-B2F1-2429AE029116}.Release|Any CPU.Build.0 = Release|Any CPU
		{CA1C71C7-7F76-46F6-B2F1-2429AE029116}.Release|x64.ActiveCfg = Release|Any CPU
		{CA1C71C7-7F76-46F6-B2F1-2429AE029116}.Release|x64.Build.0 = Release|Any CPU
		{CA1C71C7-7F76-46F6-B2F1-2429AE029116}.Release|x86.ActiveCfg = Release|Any CPU
		{CA1C71C7-7F76-46F6-B2F1-2429AE029116}.Release|x86.Build.0 = Release|Any CPU
		{459CDA36-E306-4039-9079-5E807A79A276}.Debug|Any CPU.ActiveCfg = Debug|Any CPU
		{459CDA36-E306-4039-9079-5E807A79A276}.Debug|Any CPU.Build.0 = Debug|Any CPU
		{459CDA36-E306-4039-9079-5E807A79A276}.Debug|x64.ActiveCfg = Debug|Any CPU
		{459CDA36-E306-4039-9079-5E807A79A276}.Debug|x64.Build.0 = Debug|Any CPU
		{459CDA36-E306-4039-9079-5E807A79A276}.Debug|x86.ActiveCfg = Debug|Any CPU
		{459CDA36-E306-4039-9079-5E807A79A276}.Debug|x86.Build.0 = Debug|Any CPU
		{459CDA36-E306-4039-9079-5E807A79A276}.Release|Any CPU.ActiveCfg = Release|Any CPU
		{459CDA36-E306-4039-9079-5E807A79A276}.Release|Any CPU.Build.0 = Release|Any CPU
		{459CDA36-E306-4039-9079-5E807A79A276}.Release|x64.ActiveCfg = Release|Any CPU
		{459CDA36-E306-4039-9079-5E807A79A276}.Release|x64.Build.0 = Release|Any CPU
		{459CDA36-E306-4039-9079-5E807A79A276}.Release|x86.ActiveCfg = Release|Any CPU
		{459CDA36-E306-4039-9079-5E807A79A276}.Release|x86.Build.0 = Release|Any CPU
		{BCC89DCC-2054-47EF-A60B-6EFC54172B21}.Debug|Any CPU.ActiveCfg = Debug|Any CPU
		{BCC89DCC-2054-47EF-A60B-6EFC54172B21}.Debug|Any CPU.Build.0 = Debug|Any CPU
		{BCC89DCC-2054-47EF-A60B-6EFC54172B21}.Debug|x64.ActiveCfg = Debug|Any CPU
		{BCC89DCC-2054-47EF-A60B-6EFC54172B21}.Debug|x64.Build.0 = Debug|Any CPU
		{BCC89DCC-2054-47EF-A60B-6EFC54172B21}.Debug|x86.ActiveCfg = Debug|Any CPU
		{BCC89DCC-2054-47EF-A60B-6EFC54172B21}.Debug|x86.Build.0 = Debug|Any CPU
		{BCC89DCC-2054-47EF-A60B-6EFC54172B21}.Release|Any CPU.ActiveCfg = Release|Any CPU
		{BCC89DCC-2054-47EF-A60B-6EFC54172B21}.Release|Any CPU.Build.0 = Release|Any CPU
		{BCC89DCC-2054-47EF-A60B-6EFC54172B21}.Release|x64.ActiveCfg = Release|Any CPU
		{BCC89DCC-2054-47EF-A60B-6EFC54172B21}.Release|x64.Build.0 = Release|Any CPU
		{BCC89DCC-2054-47EF-A60B-6EFC54172B21}.Release|x86.ActiveCfg = Release|Any CPU
		{BCC89DCC-2054-47EF-A60B-6EFC54172B21}.Release|x86.Build.0 = Release|Any CPU
		{B4FC07CD-4F7E-4A42-8A10-82BF352C28EE}.Debug|Any CPU.ActiveCfg = Debug|Any CPU
		{B4FC07CD-4F7E-4A42-8A10-82BF352C28EE}.Debug|Any CPU.Build.0 = Debug|Any CPU
		{B4FC07CD-4F7E-4A42-8A10-82BF352C28EE}.Debug|x64.ActiveCfg = Debug|Any CPU
		{B4FC07CD-4F7E-4A42-8A10-82BF352C28EE}.Debug|x64.Build.0 = Debug|Any CPU
		{B4FC07CD-4F7E-4A42-8A10-82BF352C28EE}.Debug|x86.ActiveCfg = Debug|Any CPU
		{B4FC07CD-4F7E-4A42-8A10-82BF352C28EE}.Debug|x86.Build.0 = Debug|Any CPU
		{B4FC07CD-4F7E-4A42-8A10-82BF352C28EE}.Release|Any CPU.ActiveCfg = Release|Any CPU
		{B4FC07CD-4F7E-4A42-8A10-82BF352C28EE}.Release|Any CPU.Build.0 = Release|Any CPU
		{B4FC07CD-4F7E-4A42-8A10-82BF352C28EE}.Release|x64.ActiveCfg = Release|Any CPU
		{B4FC07CD-4F7E-4A42-8A10-82BF352C28EE}.Release|x64.Build.0 = Release|Any CPU
		{B4FC07CD-4F7E-4A42-8A10-82BF352C28EE}.Release|x86.ActiveCfg = Release|Any CPU
		{B4FC07CD-4F7E-4A42-8A10-82BF352C28EE}.Release|x86.Build.0 = Release|Any CPU
		{49980EFD-550D-46FE-BD1B-80E2B89202A8}.Debug|Any CPU.ActiveCfg = Debug|Any CPU
		{49980EFD-550D-46FE-BD1B-80E2B89202A8}.Debug|Any CPU.Build.0 = Debug|Any CPU
		{49980EFD-550D-46FE-BD1B-80E2B89202A8}.Debug|x64.ActiveCfg = Debug|Any CPU
		{49980EFD-550D-46FE-BD1B-80E2B89202A8}.Debug|x64.Build.0 = Debug|Any CPU
		{49980EFD-550D-46FE-BD1B-80E2B89202A8}.Debug|x86.ActiveCfg = Debug|Any CPU
		{49980EFD-550D-46FE-BD1B-80E2B89202A8}.Debug|x86.Build.0 = Debug|Any CPU
		{49980EFD-550D-46FE-BD1B-80E2B89202A8}.Release|Any CPU.ActiveCfg = Release|Any CPU
		{49980EFD-550D-46FE-BD1B-80E2B89202A8}.Release|Any CPU.Build.0 = Release|Any CPU
		{49980EFD-550D-46FE-BD1B-80E2B89202A8}.Release|x64.ActiveCfg = Release|Any CPU
		{49980EFD-550D-46FE-BD1B-80E2B89202A8}.Release|x64.Build.0 = Release|Any CPU
		{49980EFD-550D-46FE-BD1B-80E2B89202A8}.Release|x86.ActiveCfg = Release|Any CPU
		{49980EFD-550D-46FE-BD1B-80E2B89202A8}.Release|x86.Build.0 = Release|Any CPU
		{1DA24F08-18F1-4A86-996D-EED50665C0DE}.Debug|Any CPU.ActiveCfg = Debug|Any CPU
		{1DA24F08-18F1-4A86-996D-EED50665C0DE}.Debug|Any CPU.Build.0 = Debug|Any CPU
		{1DA24F08-18F1-4A86-996D-EED50665C0DE}.Debug|x64.ActiveCfg = Debug|Any CPU
		{1DA24F08-18F1-4A86-996D-EED50665C0DE}.Debug|x64.Build.0 = Debug|Any CPU
		{1DA24F08-18F1-4A86-996D-EED50665C0DE}.Debug|x86.ActiveCfg = Debug|Any CPU
		{1DA24F08-18F1-4A86-996D-EED50665C0DE}.Debug|x86.Build.0 = Debug|Any CPU
		{1DA24F08-18F1-4A86-996D-EED50665C0DE}.Release|Any CPU.ActiveCfg = Release|Any CPU
		{1DA24F08-18F1-4A86-996D-EED50665C0DE}.Release|Any CPU.Build.0 = Release|Any CPU
		{1DA24F08-18F1-4A86-996D-EED50665C0DE}.Release|x64.ActiveCfg = Release|Any CPU
		{1DA24F08-18F1-4A86-996D-EED50665C0DE}.Release|x64.Build.0 = Release|Any CPU
		{1DA24F08-18F1-4A86-996D-EED50665C0DE}.Release|x86.ActiveCfg = Release|Any CPU
		{1DA24F08-18F1-4A86-996D-EED50665C0DE}.Release|x86.Build.0 = Release|Any CPU
		{0E9AC96D-4AE0-43ED-8091-D58FCF38F324}.Debug|Any CPU.ActiveCfg = Debug|Any CPU
		{0E9AC96D-4AE0-43ED-8091-D58FCF38F324}.Debug|Any CPU.Build.0 = Debug|Any CPU
		{0E9AC96D-4AE0-43ED-8091-D58FCF38F324}.Debug|x64.ActiveCfg = Debug|Any CPU
		{0E9AC96D-4AE0-43ED-8091-D58FCF38F324}.Debug|x64.Build.0 = Debug|Any CPU
		{0E9AC96D-4AE0-43ED-8091-D58FCF38F324}.Debug|x86.ActiveCfg = Debug|Any CPU
		{0E9AC96D-4AE0-43ED-8091-D58FCF38F324}.Debug|x86.Build.0 = Debug|Any CPU
		{0E9AC96D-4AE0-43ED-8091-D58FCF38F324}.Release|Any CPU.ActiveCfg = Release|Any CPU
		{0E9AC96D-4AE0-43ED-8091-D58FCF38F324}.Release|Any CPU.Build.0 = Release|Any CPU
		{0E9AC96D-4AE0-43ED-8091-D58FCF38F324}.Release|x64.ActiveCfg = Release|Any CPU
		{0E9AC96D-4AE0-43ED-8091-D58FCF38F324}.Release|x64.Build.0 = Release|Any CPU
		{0E9AC96D-4AE0-43ED-8091-D58FCF38F324}.Release|x86.ActiveCfg = Release|Any CPU
		{0E9AC96D-4AE0-43ED-8091-D58FCF38F324}.Release|x86.Build.0 = Release|Any CPU
		{E025720B-9A6A-4E90-A5D7-67C47623EFCB}.Debug|Any CPU.ActiveCfg = Debug|Any CPU
		{E025720B-9A6A-4E90-A5D7-67C47623EFCB}.Debug|Any CPU.Build.0 = Debug|Any CPU
		{E025720B-9A6A-4E90-A5D7-67C47623EFCB}.Debug|x64.ActiveCfg = Debug|Any CPU
		{E025720B-9A6A-4E90-A5D7-67C47623EFCB}.Debug|x64.Build.0 = Debug|Any CPU
		{E025720B-9A6A-4E90-A5D7-67C47623EFCB}.Debug|x86.ActiveCfg = Debug|Any CPU
		{E025720B-9A6A-4E90-A5D7-67C47623EFCB}.Debug|x86.Build.0 = Debug|Any CPU
		{E025720B-9A6A-4E90-A5D7-67C47623EFCB}.Release|Any CPU.ActiveCfg = Release|Any CPU
		{E025720B-9A6A-4E90-A5D7-67C47623EFCB}.Release|Any CPU.Build.0 = Release|Any CPU
		{E025720B-9A6A-4E90-A5D7-67C47623EFCB}.Release|x64.ActiveCfg = Release|Any CPU
		{E025720B-9A6A-4E90-A5D7-67C47623EFCB}.Release|x64.Build.0 = Release|Any CPU
		{E025720B-9A6A-4E90-A5D7-67C47623EFCB}.Release|x86.ActiveCfg = Release|Any CPU
		{E025720B-9A6A-4E90-A5D7-67C47623EFCB}.Release|x86.Build.0 = Release|Any CPU
		{A77BE0C4-10AB-468B-AEBB-6DB2BE254252}.Debug|Any CPU.ActiveCfg = Debug|Any CPU
		{A77BE0C4-10AB-468B-AEBB-6DB2BE254252}.Debug|Any CPU.Build.0 = Debug|Any CPU
		{A77BE0C4-10AB-468B-AEBB-6DB2BE254252}.Debug|x64.ActiveCfg = Debug|Any CPU
		{A77BE0C4-10AB-468B-AEBB-6DB2BE254252}.Debug|x64.Build.0 = Debug|Any CPU
		{A77BE0C4-10AB-468B-AEBB-6DB2BE254252}.Debug|x86.ActiveCfg = Debug|Any CPU
		{A77BE0C4-10AB-468B-AEBB-6DB2BE254252}.Debug|x86.Build.0 = Debug|Any CPU
		{A77BE0C4-10AB-468B-AEBB-6DB2BE254252}.Release|Any CPU.ActiveCfg = Release|Any CPU
		{A77BE0C4-10AB-468B-AEBB-6DB2BE254252}.Release|Any CPU.Build.0 = Release|Any CPU
		{A77BE0C4-10AB-468B-AEBB-6DB2BE254252}.Release|x64.ActiveCfg = Release|Any CPU
		{A77BE0C4-10AB-468B-AEBB-6DB2BE254252}.Release|x64.Build.0 = Release|Any CPU
		{A77BE0C4-10AB-468B-AEBB-6DB2BE254252}.Release|x86.ActiveCfg = Release|Any CPU
		{A77BE0C4-10AB-468B-AEBB-6DB2BE254252}.Release|x86.Build.0 = Release|Any CPU
		{7EAABA0F-8628-408C-86F8-269F73ACDE5F}.Debug|Any CPU.ActiveCfg = Debug|Any CPU
		{7EAABA0F-8628-408C-86F8-269F73ACDE5F}.Debug|Any CPU.Build.0 = Debug|Any CPU
		{7EAABA0F-8628-408C-86F8-269F73ACDE5F}.Debug|x64.ActiveCfg = Debug|Any CPU
		{7EAABA0F-8628-408C-86F8-269F73ACDE5F}.Debug|x64.Build.0 = Debug|Any CPU
		{7EAABA0F-8628-408C-86F8-269F73ACDE5F}.Debug|x86.ActiveCfg = Debug|Any CPU
		{7EAABA0F-8628-408C-86F8-269F73ACDE5F}.Debug|x86.Build.0 = Debug|Any CPU
		{7EAABA0F-8628-408C-86F8-269F73ACDE5F}.Release|Any CPU.ActiveCfg = Release|Any CPU
		{7EAABA0F-8628-408C-86F8-269F73ACDE5F}.Release|Any CPU.Build.0 = Release|Any CPU
		{7EAABA0F-8628-408C-86F8-269F73ACDE5F}.Release|x64.ActiveCfg = Release|Any CPU
		{7EAABA0F-8628-408C-86F8-269F73ACDE5F}.Release|x64.Build.0 = Release|Any CPU
		{7EAABA0F-8628-408C-86F8-269F73ACDE5F}.Release|x86.ActiveCfg = Release|Any CPU
		{7EAABA0F-8628-408C-86F8-269F73ACDE5F}.Release|x86.Build.0 = Release|Any CPU
		{1942ED6B-0C5E-49B6-A32B-D7C15C1AC518}.Debug|Any CPU.ActiveCfg = Debug|Any CPU
		{1942ED6B-0C5E-49B6-A32B-D7C15C1AC518}.Debug|Any CPU.Build.0 = Debug|Any CPU
		{1942ED6B-0C5E-49B6-A32B-D7C15C1AC518}.Debug|x64.ActiveCfg = Debug|Any CPU
		{1942ED6B-0C5E-49B6-A32B-D7C15C1AC518}.Debug|x64.Build.0 = Debug|Any CPU
		{1942ED6B-0C5E-49B6-A32B-D7C15C1AC518}.Debug|x86.ActiveCfg = Debug|Any CPU
		{1942ED6B-0C5E-49B6-A32B-D7C15C1AC518}.Debug|x86.Build.0 = Debug|Any CPU
		{1942ED6B-0C5E-49B6-A32B-D7C15C1AC518}.Release|Any CPU.ActiveCfg = Release|Any CPU
		{1942ED6B-0C5E-49B6-A32B-D7C15C1AC518}.Release|Any CPU.Build.0 = Release|Any CPU
		{1942ED6B-0C5E-49B6-A32B-D7C15C1AC518}.Release|x64.ActiveCfg = Release|Any CPU
		{1942ED6B-0C5E-49B6-A32B-D7C15C1AC518}.Release|x64.Build.0 = Release|Any CPU
		{1942ED6B-0C5E-49B6-A32B-D7C15C1AC518}.Release|x86.ActiveCfg = Release|Any CPU
		{1942ED6B-0C5E-49B6-A32B-D7C15C1AC518}.Release|x86.Build.0 = Release|Any CPU
		{52766655-8A50-4F75-A482-0903643BDFD5}.Debug|Any CPU.ActiveCfg = Debug|Any CPU
		{52766655-8A50-4F75-A482-0903643BDFD5}.Debug|Any CPU.Build.0 = Debug|Any CPU
		{52766655-8A50-4F75-A482-0903643BDFD5}.Debug|x64.ActiveCfg = Debug|Any CPU
		{52766655-8A50-4F75-A482-0903643BDFD5}.Debug|x64.Build.0 = Debug|Any CPU
		{52766655-8A50-4F75-A482-0903643BDFD5}.Debug|x86.ActiveCfg = Debug|Any CPU
		{52766655-8A50-4F75-A482-0903643BDFD5}.Debug|x86.Build.0 = Debug|Any CPU
		{52766655-8A50-4F75-A482-0903643BDFD5}.Release|Any CPU.ActiveCfg = Release|Any CPU
		{52766655-8A50-4F75-A482-0903643BDFD5}.Release|Any CPU.Build.0 = Release|Any CPU
		{52766655-8A50-4F75-A482-0903643BDFD5}.Release|x64.ActiveCfg = Release|Any CPU
		{52766655-8A50-4F75-A482-0903643BDFD5}.Release|x64.Build.0 = Release|Any CPU
		{52766655-8A50-4F75-A482-0903643BDFD5}.Release|x86.ActiveCfg = Release|Any CPU
		{52766655-8A50-4F75-A482-0903643BDFD5}.Release|x86.Build.0 = Release|Any CPU
		{262B90F9-E2F8-4100-BE73-C80ED0A6D4B1}.Debug|Any CPU.ActiveCfg = Debug|Any CPU
		{262B90F9-E2F8-4100-BE73-C80ED0A6D4B1}.Debug|Any CPU.Build.0 = Debug|Any CPU
		{262B90F9-E2F8-4100-BE73-C80ED0A6D4B1}.Debug|x64.ActiveCfg = Debug|Any CPU
		{262B90F9-E2F8-4100-BE73-C80ED0A6D4B1}.Debug|x64.Build.0 = Debug|Any CPU
		{262B90F9-E2F8-4100-BE73-C80ED0A6D4B1}.Debug|x86.ActiveCfg = Debug|Any CPU
		{262B90F9-E2F8-4100-BE73-C80ED0A6D4B1}.Debug|x86.Build.0 = Debug|Any CPU
		{262B90F9-E2F8-4100-BE73-C80ED0A6D4B1}.Release|Any CPU.ActiveCfg = Release|Any CPU
		{262B90F9-E2F8-4100-BE73-C80ED0A6D4B1}.Release|Any CPU.Build.0 = Release|Any CPU
		{262B90F9-E2F8-4100-BE73-C80ED0A6D4B1}.Release|x64.ActiveCfg = Release|Any CPU
		{262B90F9-E2F8-4100-BE73-C80ED0A6D4B1}.Release|x64.Build.0 = Release|Any CPU
		{262B90F9-E2F8-4100-BE73-C80ED0A6D4B1}.Release|x86.ActiveCfg = Release|Any CPU
		{262B90F9-E2F8-4100-BE73-C80ED0A6D4B1}.Release|x86.Build.0 = Release|Any CPU
		{1A1C0E24-DCD5-4A61-9FE3-2DBAC8883176}.Debug|Any CPU.ActiveCfg = Debug|Any CPU
		{1A1C0E24-DCD5-4A61-9FE3-2DBAC8883176}.Debug|Any CPU.Build.0 = Debug|Any CPU
		{1A1C0E24-DCD5-4A61-9FE3-2DBAC8883176}.Debug|x64.ActiveCfg = Debug|Any CPU
		{1A1C0E24-DCD5-4A61-9FE3-2DBAC8883176}.Debug|x64.Build.0 = Debug|Any CPU
		{1A1C0E24-DCD5-4A61-9FE3-2DBAC8883176}.Debug|x86.ActiveCfg = Debug|Any CPU
		{1A1C0E24-DCD5-4A61-9FE3-2DBAC8883176}.Debug|x86.Build.0 = Debug|Any CPU
		{1A1C0E24-DCD5-4A61-9FE3-2DBAC8883176}.Release|Any CPU.ActiveCfg = Release|Any CPU
		{1A1C0E24-DCD5-4A61-9FE3-2DBAC8883176}.Release|Any CPU.Build.0 = Release|Any CPU
		{1A1C0E24-DCD5-4A61-9FE3-2DBAC8883176}.Release|x64.ActiveCfg = Release|Any CPU
		{1A1C0E24-DCD5-4A61-9FE3-2DBAC8883176}.Release|x64.Build.0 = Release|Any CPU
		{1A1C0E24-DCD5-4A61-9FE3-2DBAC8883176}.Release|x86.ActiveCfg = Release|Any CPU
		{1A1C0E24-DCD5-4A61-9FE3-2DBAC8883176}.Release|x86.Build.0 = Release|Any CPU
		{BB1EE9F3-8E50-41EE-A197-294D8FC13090}.Debug|Any CPU.ActiveCfg = Debug|Any CPU
		{BB1EE9F3-8E50-41EE-A197-294D8FC13090}.Debug|Any CPU.Build.0 = Debug|Any CPU
		{BB1EE9F3-8E50-41EE-A197-294D8FC13090}.Debug|x64.ActiveCfg = Debug|Any CPU
		{BB1EE9F3-8E50-41EE-A197-294D8FC13090}.Debug|x64.Build.0 = Debug|Any CPU
		{BB1EE9F3-8E50-41EE-A197-294D8FC13090}.Debug|x86.ActiveCfg = Debug|Any CPU
		{BB1EE9F3-8E50-41EE-A197-294D8FC13090}.Debug|x86.Build.0 = Debug|Any CPU
		{BB1EE9F3-8E50-41EE-A197-294D8FC13090}.Release|Any CPU.ActiveCfg = Release|Any CPU
		{BB1EE9F3-8E50-41EE-A197-294D8FC13090}.Release|Any CPU.Build.0 = Release|Any CPU
		{BB1EE9F3-8E50-41EE-A197-294D8FC13090}.Release|x64.ActiveCfg = Release|Any CPU
		{BB1EE9F3-8E50-41EE-A197-294D8FC13090}.Release|x64.Build.0 = Release|Any CPU
		{BB1EE9F3-8E50-41EE-A197-294D8FC13090}.Release|x86.ActiveCfg = Release|Any CPU
		{BB1EE9F3-8E50-41EE-A197-294D8FC13090}.Release|x86.Build.0 = Release|Any CPU
		{556A02D6-381D-4A38-AB49-028E7CB10848}.Debug|Any CPU.ActiveCfg = Debug|Any CPU
		{556A02D6-381D-4A38-AB49-028E7CB10848}.Debug|Any CPU.Build.0 = Debug|Any CPU
		{556A02D6-381D-4A38-AB49-028E7CB10848}.Debug|x64.ActiveCfg = Debug|Any CPU
		{556A02D6-381D-4A38-AB49-028E7CB10848}.Debug|x64.Build.0 = Debug|Any CPU
		{556A02D6-381D-4A38-AB49-028E7CB10848}.Debug|x86.ActiveCfg = Debug|Any CPU
		{556A02D6-381D-4A38-AB49-028E7CB10848}.Debug|x86.Build.0 = Debug|Any CPU
		{556A02D6-381D-4A38-AB49-028E7CB10848}.Release|Any CPU.ActiveCfg = Release|Any CPU
		{556A02D6-381D-4A38-AB49-028E7CB10848}.Release|Any CPU.Build.0 = Release|Any CPU
		{556A02D6-381D-4A38-AB49-028E7CB10848}.Release|x64.ActiveCfg = Release|Any CPU
		{556A02D6-381D-4A38-AB49-028E7CB10848}.Release|x64.Build.0 = Release|Any CPU
		{556A02D6-381D-4A38-AB49-028E7CB10848}.Release|x86.ActiveCfg = Release|Any CPU
		{556A02D6-381D-4A38-AB49-028E7CB10848}.Release|x86.Build.0 = Release|Any CPU
		{051FBF49-FF0C-4574-B550-7771B8AEB242}.Debug|Any CPU.ActiveCfg = Debug|Any CPU
		{051FBF49-FF0C-4574-B550-7771B8AEB242}.Debug|Any CPU.Build.0 = Debug|Any CPU
		{051FBF49-FF0C-4574-B550-7771B8AEB242}.Debug|x64.ActiveCfg = Debug|Any CPU
		{051FBF49-FF0C-4574-B550-7771B8AEB242}.Debug|x64.Build.0 = Debug|Any CPU
		{051FBF49-FF0C-4574-B550-7771B8AEB242}.Debug|x86.ActiveCfg = Debug|Any CPU
		{051FBF49-FF0C-4574-B550-7771B8AEB242}.Debug|x86.Build.0 = Debug|Any CPU
		{051FBF49-FF0C-4574-B550-7771B8AEB242}.Release|Any CPU.ActiveCfg = Release|Any CPU
		{051FBF49-FF0C-4574-B550-7771B8AEB242}.Release|Any CPU.Build.0 = Release|Any CPU
		{051FBF49-FF0C-4574-B550-7771B8AEB242}.Release|x64.ActiveCfg = Release|Any CPU
		{051FBF49-FF0C-4574-B550-7771B8AEB242}.Release|x64.Build.0 = Release|Any CPU
		{051FBF49-FF0C-4574-B550-7771B8AEB242}.Release|x86.ActiveCfg = Release|Any CPU
		{051FBF49-FF0C-4574-B550-7771B8AEB242}.Release|x86.Build.0 = Release|Any CPU
		{EF465EEA-A8F7-4DF2-AF9D-4B308AECAF72}.Debug|Any CPU.ActiveCfg = Debug|Any CPU
		{EF465EEA-A8F7-4DF2-AF9D-4B308AECAF72}.Debug|Any CPU.Build.0 = Debug|Any CPU
		{EF465EEA-A8F7-4DF2-AF9D-4B308AECAF72}.Debug|x64.ActiveCfg = Debug|Any CPU
		{EF465EEA-A8F7-4DF2-AF9D-4B308AECAF72}.Debug|x64.Build.0 = Debug|Any CPU
		{EF465EEA-A8F7-4DF2-AF9D-4B308AECAF72}.Debug|x86.ActiveCfg = Debug|Any CPU
		{EF465EEA-A8F7-4DF2-AF9D-4B308AECAF72}.Debug|x86.Build.0 = Debug|Any CPU
		{EF465EEA-A8F7-4DF2-AF9D-4B308AECAF72}.Release|Any CPU.ActiveCfg = Release|Any CPU
		{EF465EEA-A8F7-4DF2-AF9D-4B308AECAF72}.Release|Any CPU.Build.0 = Release|Any CPU
		{EF465EEA-A8F7-4DF2-AF9D-4B308AECAF72}.Release|x64.ActiveCfg = Release|Any CPU
		{EF465EEA-A8F7-4DF2-AF9D-4B308AECAF72}.Release|x64.Build.0 = Release|Any CPU
		{EF465EEA-A8F7-4DF2-AF9D-4B308AECAF72}.Release|x86.ActiveCfg = Release|Any CPU
		{EF465EEA-A8F7-4DF2-AF9D-4B308AECAF72}.Release|x86.Build.0 = Release|Any CPU
		{2A958055-BB7E-48C6-AF21-17FFC64A616B}.Debug|Any CPU.ActiveCfg = Debug|Any CPU
		{2A958055-BB7E-48C6-AF21-17FFC64A616B}.Debug|Any CPU.Build.0 = Debug|Any CPU
		{2A958055-BB7E-48C6-AF21-17FFC64A616B}.Debug|x64.ActiveCfg = Debug|Any CPU
		{2A958055-BB7E-48C6-AF21-17FFC64A616B}.Debug|x64.Build.0 = Debug|Any CPU
		{2A958055-BB7E-48C6-AF21-17FFC64A616B}.Debug|x86.ActiveCfg = Debug|Any CPU
		{2A958055-BB7E-48C6-AF21-17FFC64A616B}.Debug|x86.Build.0 = Debug|Any CPU
		{2A958055-BB7E-48C6-AF21-17FFC64A616B}.Release|Any CPU.ActiveCfg = Release|Any CPU
		{2A958055-BB7E-48C6-AF21-17FFC64A616B}.Release|Any CPU.Build.0 = Release|Any CPU
		{2A958055-BB7E-48C6-AF21-17FFC64A616B}.Release|x64.ActiveCfg = Release|Any CPU
		{2A958055-BB7E-48C6-AF21-17FFC64A616B}.Release|x64.Build.0 = Release|Any CPU
		{2A958055-BB7E-48C6-AF21-17FFC64A616B}.Release|x86.ActiveCfg = Release|Any CPU
		{2A958055-BB7E-48C6-AF21-17FFC64A616B}.Release|x86.Build.0 = Release|Any CPU
		{01E7D6DA-8898-4D20-8006-C81583A0A6A3}.Debug|Any CPU.ActiveCfg = Debug|Any CPU
		{01E7D6DA-8898-4D20-8006-C81583A0A6A3}.Debug|Any CPU.Build.0 = Debug|Any CPU
		{01E7D6DA-8898-4D20-8006-C81583A0A6A3}.Debug|x64.ActiveCfg = Debug|Any CPU
		{01E7D6DA-8898-4D20-8006-C81583A0A6A3}.Debug|x64.Build.0 = Debug|Any CPU
		{01E7D6DA-8898-4D20-8006-C81583A0A6A3}.Debug|x86.ActiveCfg = Debug|Any CPU
		{01E7D6DA-8898-4D20-8006-C81583A0A6A3}.Debug|x86.Build.0 = Debug|Any CPU
		{01E7D6DA-8898-4D20-8006-C81583A0A6A3}.Release|Any CPU.ActiveCfg = Release|Any CPU
		{01E7D6DA-8898-4D20-8006-C81583A0A6A3}.Release|Any CPU.Build.0 = Release|Any CPU
		{01E7D6DA-8898-4D20-8006-C81583A0A6A3}.Release|x64.ActiveCfg = Release|Any CPU
		{01E7D6DA-8898-4D20-8006-C81583A0A6A3}.Release|x64.Build.0 = Release|Any CPU
		{01E7D6DA-8898-4D20-8006-C81583A0A6A3}.Release|x86.ActiveCfg = Release|Any CPU
		{01E7D6DA-8898-4D20-8006-C81583A0A6A3}.Release|x86.Build.0 = Release|Any CPU
		{5EE5CA5A-1D1A-427D-8C54-4D3F4E618A73}.Debug|Any CPU.ActiveCfg = Debug|Any CPU
		{5EE5CA5A-1D1A-427D-8C54-4D3F4E618A73}.Debug|Any CPU.Build.0 = Debug|Any CPU
		{5EE5CA5A-1D1A-427D-8C54-4D3F4E618A73}.Debug|x64.ActiveCfg = Debug|Any CPU
		{5EE5CA5A-1D1A-427D-8C54-4D3F4E618A73}.Debug|x64.Build.0 = Debug|Any CPU
		{5EE5CA5A-1D1A-427D-8C54-4D3F4E618A73}.Debug|x86.ActiveCfg = Debug|Any CPU
		{5EE5CA5A-1D1A-427D-8C54-4D3F4E618A73}.Debug|x86.Build.0 = Debug|Any CPU
		{5EE5CA5A-1D1A-427D-8C54-4D3F4E618A73}.Release|Any CPU.ActiveCfg = Release|Any CPU
		{5EE5CA5A-1D1A-427D-8C54-4D3F4E618A73}.Release|Any CPU.Build.0 = Release|Any CPU
		{5EE5CA5A-1D1A-427D-8C54-4D3F4E618A73}.Release|x64.ActiveCfg = Release|Any CPU
		{5EE5CA5A-1D1A-427D-8C54-4D3F4E618A73}.Release|x64.Build.0 = Release|Any CPU
		{5EE5CA5A-1D1A-427D-8C54-4D3F4E618A73}.Release|x86.ActiveCfg = Release|Any CPU
		{5EE5CA5A-1D1A-427D-8C54-4D3F4E618A73}.Release|x86.Build.0 = Release|Any CPU
		{F184B835-A381-4C68-8004-999A169E3643}.Debug|Any CPU.ActiveCfg = Debug|Any CPU
		{F184B835-A381-4C68-8004-999A169E3643}.Debug|Any CPU.Build.0 = Debug|Any CPU
		{F184B835-A381-4C68-8004-999A169E3643}.Debug|x64.ActiveCfg = Debug|Any CPU
		{F184B835-A381-4C68-8004-999A169E3643}.Debug|x64.Build.0 = Debug|Any CPU
		{F184B835-A381-4C68-8004-999A169E3643}.Debug|x86.ActiveCfg = Debug|Any CPU
		{F184B835-A381-4C68-8004-999A169E3643}.Debug|x86.Build.0 = Debug|Any CPU
		{F184B835-A381-4C68-8004-999A169E3643}.Release|Any CPU.ActiveCfg = Release|Any CPU
		{F184B835-A381-4C68-8004-999A169E3643}.Release|Any CPU.Build.0 = Release|Any CPU
		{F184B835-A381-4C68-8004-999A169E3643}.Release|x64.ActiveCfg = Release|Any CPU
		{F184B835-A381-4C68-8004-999A169E3643}.Release|x64.Build.0 = Release|Any CPU
		{F184B835-A381-4C68-8004-999A169E3643}.Release|x86.ActiveCfg = Release|Any CPU
		{F184B835-A381-4C68-8004-999A169E3643}.Release|x86.Build.0 = Release|Any CPU
		{2C7A21FB-1391-4564-BC5D-A82CB4F59DFC}.Debug|Any CPU.ActiveCfg = Debug|Any CPU
		{2C7A21FB-1391-4564-BC5D-A82CB4F59DFC}.Debug|Any CPU.Build.0 = Debug|Any CPU
		{2C7A21FB-1391-4564-BC5D-A82CB4F59DFC}.Debug|x64.ActiveCfg = Debug|Any CPU
		{2C7A21FB-1391-4564-BC5D-A82CB4F59DFC}.Debug|x64.Build.0 = Debug|Any CPU
		{2C7A21FB-1391-4564-BC5D-A82CB4F59DFC}.Debug|x86.ActiveCfg = Debug|Any CPU
		{2C7A21FB-1391-4564-BC5D-A82CB4F59DFC}.Debug|x86.Build.0 = Debug|Any CPU
		{2C7A21FB-1391-4564-BC5D-A82CB4F59DFC}.Release|Any CPU.ActiveCfg = Release|Any CPU
		{2C7A21FB-1391-4564-BC5D-A82CB4F59DFC}.Release|Any CPU.Build.0 = Release|Any CPU
		{2C7A21FB-1391-4564-BC5D-A82CB4F59DFC}.Release|x64.ActiveCfg = Release|Any CPU
		{2C7A21FB-1391-4564-BC5D-A82CB4F59DFC}.Release|x64.Build.0 = Release|Any CPU
		{2C7A21FB-1391-4564-BC5D-A82CB4F59DFC}.Release|x86.ActiveCfg = Release|Any CPU
		{2C7A21FB-1391-4564-BC5D-A82CB4F59DFC}.Release|x86.Build.0 = Release|Any CPU
		{A4C1FF09-5717-41B8-AAFB-4D9D41DDF200}.Debug|Any CPU.ActiveCfg = Debug|Any CPU
		{A4C1FF09-5717-41B8-AAFB-4D9D41DDF200}.Debug|Any CPU.Build.0 = Debug|Any CPU
		{A4C1FF09-5717-41B8-AAFB-4D9D41DDF200}.Debug|x64.ActiveCfg = Debug|Any CPU
		{A4C1FF09-5717-41B8-AAFB-4D9D41DDF200}.Debug|x64.Build.0 = Debug|Any CPU
		{A4C1FF09-5717-41B8-AAFB-4D9D41DDF200}.Debug|x86.ActiveCfg = Debug|Any CPU
		{A4C1FF09-5717-41B8-AAFB-4D9D41DDF200}.Debug|x86.Build.0 = Debug|Any CPU
		{A4C1FF09-5717-41B8-AAFB-4D9D41DDF200}.Release|Any CPU.ActiveCfg = Release|Any CPU
		{A4C1FF09-5717-41B8-AAFB-4D9D41DDF200}.Release|Any CPU.Build.0 = Release|Any CPU
		{A4C1FF09-5717-41B8-AAFB-4D9D41DDF200}.Release|x64.ActiveCfg = Release|Any CPU
		{A4C1FF09-5717-41B8-AAFB-4D9D41DDF200}.Release|x64.Build.0 = Release|Any CPU
		{A4C1FF09-5717-41B8-AAFB-4D9D41DDF200}.Release|x86.ActiveCfg = Release|Any CPU
		{A4C1FF09-5717-41B8-AAFB-4D9D41DDF200}.Release|x86.Build.0 = Release|Any CPU
		{012A9F2F-A931-4777-B840-7CC02331F929}.Debug|Any CPU.ActiveCfg = Debug|Any CPU
		{012A9F2F-A931-4777-B840-7CC02331F929}.Debug|Any CPU.Build.0 = Debug|Any CPU
		{012A9F2F-A931-4777-B840-7CC02331F929}.Debug|x64.ActiveCfg = Debug|Any CPU
		{012A9F2F-A931-4777-B840-7CC02331F929}.Debug|x64.Build.0 = Debug|Any CPU
		{012A9F2F-A931-4777-B840-7CC02331F929}.Debug|x86.ActiveCfg = Debug|Any CPU
		{012A9F2F-A931-4777-B840-7CC02331F929}.Debug|x86.Build.0 = Debug|Any CPU
		{012A9F2F-A931-4777-B840-7CC02331F929}.Release|Any CPU.ActiveCfg = Release|Any CPU
		{012A9F2F-A931-4777-B840-7CC02331F929}.Release|Any CPU.Build.0 = Release|Any CPU
		{012A9F2F-A931-4777-B840-7CC02331F929}.Release|x64.ActiveCfg = Release|Any CPU
		{012A9F2F-A931-4777-B840-7CC02331F929}.Release|x64.Build.0 = Release|Any CPU
		{012A9F2F-A931-4777-B840-7CC02331F929}.Release|x86.ActiveCfg = Release|Any CPU
		{012A9F2F-A931-4777-B840-7CC02331F929}.Release|x86.Build.0 = Release|Any CPU
		{B0152762-E73D-4A5D-8AF2-8C32C9345A6F}.Debug|Any CPU.ActiveCfg = Debug|Any CPU
		{B0152762-E73D-4A5D-8AF2-8C32C9345A6F}.Debug|Any CPU.Build.0 = Debug|Any CPU
		{B0152762-E73D-4A5D-8AF2-8C32C9345A6F}.Debug|x64.ActiveCfg = Debug|Any CPU
		{B0152762-E73D-4A5D-8AF2-8C32C9345A6F}.Debug|x64.Build.0 = Debug|Any CPU
		{B0152762-E73D-4A5D-8AF2-8C32C9345A6F}.Debug|x86.ActiveCfg = Debug|Any CPU
		{B0152762-E73D-4A5D-8AF2-8C32C9345A6F}.Debug|x86.Build.0 = Debug|Any CPU
		{B0152762-E73D-4A5D-8AF2-8C32C9345A6F}.Release|Any CPU.ActiveCfg = Release|Any CPU
		{B0152762-E73D-4A5D-8AF2-8C32C9345A6F}.Release|Any CPU.Build.0 = Release|Any CPU
		{B0152762-E73D-4A5D-8AF2-8C32C9345A6F}.Release|x64.ActiveCfg = Release|Any CPU
		{B0152762-E73D-4A5D-8AF2-8C32C9345A6F}.Release|x64.Build.0 = Release|Any CPU
		{B0152762-E73D-4A5D-8AF2-8C32C9345A6F}.Release|x86.ActiveCfg = Release|Any CPU
		{B0152762-E73D-4A5D-8AF2-8C32C9345A6F}.Release|x86.Build.0 = Release|Any CPU
		{084D6BAF-790C-45A1-AFCA-6CF03A813259}.Debug|Any CPU.ActiveCfg = Debug|Any CPU
		{084D6BAF-790C-45A1-AFCA-6CF03A813259}.Debug|Any CPU.Build.0 = Debug|Any CPU
		{084D6BAF-790C-45A1-AFCA-6CF03A813259}.Debug|x64.ActiveCfg = Debug|Any CPU
		{084D6BAF-790C-45A1-AFCA-6CF03A813259}.Debug|x64.Build.0 = Debug|Any CPU
		{084D6BAF-790C-45A1-AFCA-6CF03A813259}.Debug|x86.ActiveCfg = Debug|Any CPU
		{084D6BAF-790C-45A1-AFCA-6CF03A813259}.Debug|x86.Build.0 = Debug|Any CPU
		{084D6BAF-790C-45A1-AFCA-6CF03A813259}.Release|Any CPU.ActiveCfg = Release|Any CPU
		{084D6BAF-790C-45A1-AFCA-6CF03A813259}.Release|Any CPU.Build.0 = Release|Any CPU
		{084D6BAF-790C-45A1-AFCA-6CF03A813259}.Release|x64.ActiveCfg = Release|Any CPU
		{084D6BAF-790C-45A1-AFCA-6CF03A813259}.Release|x64.Build.0 = Release|Any CPU
		{084D6BAF-790C-45A1-AFCA-6CF03A813259}.Release|x86.ActiveCfg = Release|Any CPU
		{084D6BAF-790C-45A1-AFCA-6CF03A813259}.Release|x86.Build.0 = Release|Any CPU
		{758DD920-6856-4054-871B-59512EE51131}.Debug|Any CPU.ActiveCfg = Debug|Any CPU
		{758DD920-6856-4054-871B-59512EE51131}.Debug|Any CPU.Build.0 = Debug|Any CPU
		{758DD920-6856-4054-871B-59512EE51131}.Debug|x64.ActiveCfg = Debug|Any CPU
		{758DD920-6856-4054-871B-59512EE51131}.Debug|x64.Build.0 = Debug|Any CPU
		{758DD920-6856-4054-871B-59512EE51131}.Debug|x86.ActiveCfg = Debug|Any CPU
		{758DD920-6856-4054-871B-59512EE51131}.Debug|x86.Build.0 = Debug|Any CPU
		{758DD920-6856-4054-871B-59512EE51131}.Release|Any CPU.ActiveCfg = Release|Any CPU
		{758DD920-6856-4054-871B-59512EE51131}.Release|Any CPU.Build.0 = Release|Any CPU
		{758DD920-6856-4054-871B-59512EE51131}.Release|x64.ActiveCfg = Release|Any CPU
		{758DD920-6856-4054-871B-59512EE51131}.Release|x64.Build.0 = Release|Any CPU
		{758DD920-6856-4054-871B-59512EE51131}.Release|x86.ActiveCfg = Release|Any CPU
		{758DD920-6856-4054-871B-59512EE51131}.Release|x86.Build.0 = Release|Any CPU
		{A1F99857-7D2B-4AB7-AEA5-8DCA6478D491}.Debug|Any CPU.ActiveCfg = Debug|Any CPU
		{A1F99857-7D2B-4AB7-AEA5-8DCA6478D491}.Debug|Any CPU.Build.0 = Debug|Any CPU
		{A1F99857-7D2B-4AB7-AEA5-8DCA6478D491}.Debug|x64.ActiveCfg = Debug|Any CPU
		{A1F99857-7D2B-4AB7-AEA5-8DCA6478D491}.Debug|x64.Build.0 = Debug|Any CPU
		{A1F99857-7D2B-4AB7-AEA5-8DCA6478D491}.Debug|x86.ActiveCfg = Debug|Any CPU
		{A1F99857-7D2B-4AB7-AEA5-8DCA6478D491}.Debug|x86.Build.0 = Debug|Any CPU
		{A1F99857-7D2B-4AB7-AEA5-8DCA6478D491}.Release|Any CPU.ActiveCfg = Release|Any CPU
		{A1F99857-7D2B-4AB7-AEA5-8DCA6478D491}.Release|Any CPU.Build.0 = Release|Any CPU
		{A1F99857-7D2B-4AB7-AEA5-8DCA6478D491}.Release|x64.ActiveCfg = Release|Any CPU
		{A1F99857-7D2B-4AB7-AEA5-8DCA6478D491}.Release|x64.Build.0 = Release|Any CPU
		{A1F99857-7D2B-4AB7-AEA5-8DCA6478D491}.Release|x86.ActiveCfg = Release|Any CPU
		{A1F99857-7D2B-4AB7-AEA5-8DCA6478D491}.Release|x86.Build.0 = Release|Any CPU
		{BF76C01A-92D5-4702-8CEA-5541BC0D9D24}.Debug|Any CPU.ActiveCfg = Debug|Any CPU
		{BF76C01A-92D5-4702-8CEA-5541BC0D9D24}.Debug|Any CPU.Build.0 = Debug|Any CPU
		{BF76C01A-92D5-4702-8CEA-5541BC0D9D24}.Debug|x64.ActiveCfg = Debug|Any CPU
		{BF76C01A-92D5-4702-8CEA-5541BC0D9D24}.Debug|x64.Build.0 = Debug|Any CPU
		{BF76C01A-92D5-4702-8CEA-5541BC0D9D24}.Debug|x86.ActiveCfg = Debug|Any CPU
		{BF76C01A-92D5-4702-8CEA-5541BC0D9D24}.Debug|x86.Build.0 = Debug|Any CPU
		{BF76C01A-92D5-4702-8CEA-5541BC0D9D24}.Release|Any CPU.ActiveCfg = Release|Any CPU
		{BF76C01A-92D5-4702-8CEA-5541BC0D9D24}.Release|Any CPU.Build.0 = Release|Any CPU
		{BF76C01A-92D5-4702-8CEA-5541BC0D9D24}.Release|x64.ActiveCfg = Release|Any CPU
		{BF76C01A-92D5-4702-8CEA-5541BC0D9D24}.Release|x64.Build.0 = Release|Any CPU
		{BF76C01A-92D5-4702-8CEA-5541BC0D9D24}.Release|x86.ActiveCfg = Release|Any CPU
		{BF76C01A-92D5-4702-8CEA-5541BC0D9D24}.Release|x86.Build.0 = Release|Any CPU
		{A6D8A60E-E1BE-4568-8B64-38DDE1FE4BD5}.Debug|Any CPU.ActiveCfg = Debug|Any CPU
		{A6D8A60E-E1BE-4568-8B64-38DDE1FE4BD5}.Debug|Any CPU.Build.0 = Debug|Any CPU
		{A6D8A60E-E1BE-4568-8B64-38DDE1FE4BD5}.Debug|x64.ActiveCfg = Debug|Any CPU
		{A6D8A60E-E1BE-4568-8B64-38DDE1FE4BD5}.Debug|x64.Build.0 = Debug|Any CPU
		{A6D8A60E-E1BE-4568-8B64-38DDE1FE4BD5}.Debug|x86.ActiveCfg = Debug|Any CPU
		{A6D8A60E-E1BE-4568-8B64-38DDE1FE4BD5}.Debug|x86.Build.0 = Debug|Any CPU
		{A6D8A60E-E1BE-4568-8B64-38DDE1FE4BD5}.Release|Any CPU.ActiveCfg = Release|Any CPU
		{A6D8A60E-E1BE-4568-8B64-38DDE1FE4BD5}.Release|Any CPU.Build.0 = Release|Any CPU
		{A6D8A60E-E1BE-4568-8B64-38DDE1FE4BD5}.Release|x64.ActiveCfg = Release|Any CPU
		{A6D8A60E-E1BE-4568-8B64-38DDE1FE4BD5}.Release|x64.Build.0 = Release|Any CPU
		{A6D8A60E-E1BE-4568-8B64-38DDE1FE4BD5}.Release|x86.ActiveCfg = Release|Any CPU
		{A6D8A60E-E1BE-4568-8B64-38DDE1FE4BD5}.Release|x86.Build.0 = Release|Any CPU
		{B66C2A07-04A5-4D8F-8606-9DCD0F05C3BA}.Debug|Any CPU.ActiveCfg = Debug|Any CPU
		{B66C2A07-04A5-4D8F-8606-9DCD0F05C3BA}.Debug|Any CPU.Build.0 = Debug|Any CPU
		{B66C2A07-04A5-4D8F-8606-9DCD0F05C3BA}.Debug|x64.ActiveCfg = Debug|Any CPU
		{B66C2A07-04A5-4D8F-8606-9DCD0F05C3BA}.Debug|x64.Build.0 = Debug|Any CPU
		{B66C2A07-04A5-4D8F-8606-9DCD0F05C3BA}.Debug|x86.ActiveCfg = Debug|Any CPU
		{B66C2A07-04A5-4D8F-8606-9DCD0F05C3BA}.Debug|x86.Build.0 = Debug|Any CPU
		{B66C2A07-04A5-4D8F-8606-9DCD0F05C3BA}.Release|Any CPU.ActiveCfg = Release|Any CPU
		{B66C2A07-04A5-4D8F-8606-9DCD0F05C3BA}.Release|Any CPU.Build.0 = Release|Any CPU
		{B66C2A07-04A5-4D8F-8606-9DCD0F05C3BA}.Release|x64.ActiveCfg = Release|Any CPU
		{B66C2A07-04A5-4D8F-8606-9DCD0F05C3BA}.Release|x64.Build.0 = Release|Any CPU
		{B66C2A07-04A5-4D8F-8606-9DCD0F05C3BA}.Release|x86.ActiveCfg = Release|Any CPU
		{B66C2A07-04A5-4D8F-8606-9DCD0F05C3BA}.Release|x86.Build.0 = Release|Any CPU
		{2F86B115-8E8B-4EE6-9820-7AD331B5D247}.Debug|Any CPU.ActiveCfg = Debug|Any CPU
		{2F86B115-8E8B-4EE6-9820-7AD331B5D247}.Debug|Any CPU.Build.0 = Debug|Any CPU
		{2F86B115-8E8B-4EE6-9820-7AD331B5D247}.Debug|x64.ActiveCfg = Debug|Any CPU
		{2F86B115-8E8B-4EE6-9820-7AD331B5D247}.Debug|x64.Build.0 = Debug|Any CPU
		{2F86B115-8E8B-4EE6-9820-7AD331B5D247}.Debug|x86.ActiveCfg = Debug|Any CPU
		{2F86B115-8E8B-4EE6-9820-7AD331B5D247}.Debug|x86.Build.0 = Debug|Any CPU
		{2F86B115-8E8B-4EE6-9820-7AD331B5D247}.Release|Any CPU.ActiveCfg = Release|Any CPU
		{2F86B115-8E8B-4EE6-9820-7AD331B5D247}.Release|Any CPU.Build.0 = Release|Any CPU
		{2F86B115-8E8B-4EE6-9820-7AD331B5D247}.Release|x64.ActiveCfg = Release|Any CPU
		{2F86B115-8E8B-4EE6-9820-7AD331B5D247}.Release|x64.Build.0 = Release|Any CPU
		{2F86B115-8E8B-4EE6-9820-7AD331B5D247}.Release|x86.ActiveCfg = Release|Any CPU
		{2F86B115-8E8B-4EE6-9820-7AD331B5D247}.Release|x86.Build.0 = Release|Any CPU
		{839B15EC-A5A6-4749-84CF-51F033F3A908}.Debug|Any CPU.ActiveCfg = Debug|Any CPU
		{839B15EC-A5A6-4749-84CF-51F033F3A908}.Debug|Any CPU.Build.0 = Debug|Any CPU
		{839B15EC-A5A6-4749-84CF-51F033F3A908}.Debug|x64.ActiveCfg = Debug|Any CPU
		{839B15EC-A5A6-4749-84CF-51F033F3A908}.Debug|x64.Build.0 = Debug|Any CPU
		{839B15EC-A5A6-4749-84CF-51F033F3A908}.Debug|x86.ActiveCfg = Debug|Any CPU
		{839B15EC-A5A6-4749-84CF-51F033F3A908}.Debug|x86.Build.0 = Debug|Any CPU
		{839B15EC-A5A6-4749-84CF-51F033F3A908}.Release|Any CPU.ActiveCfg = Release|Any CPU
		{839B15EC-A5A6-4749-84CF-51F033F3A908}.Release|Any CPU.Build.0 = Release|Any CPU
		{839B15EC-A5A6-4749-84CF-51F033F3A908}.Release|x64.ActiveCfg = Release|Any CPU
		{839B15EC-A5A6-4749-84CF-51F033F3A908}.Release|x64.Build.0 = Release|Any CPU
		{839B15EC-A5A6-4749-84CF-51F033F3A908}.Release|x86.ActiveCfg = Release|Any CPU
		{839B15EC-A5A6-4749-84CF-51F033F3A908}.Release|x86.Build.0 = Release|Any CPU
		{8F9EA843-D587-479B-9624-F6BF6C97F144}.Debug|Any CPU.ActiveCfg = Debug|Any CPU
		{8F9EA843-D587-479B-9624-F6BF6C97F144}.Debug|Any CPU.Build.0 = Debug|Any CPU
		{8F9EA843-D587-479B-9624-F6BF6C97F144}.Debug|x64.ActiveCfg = Debug|Any CPU
		{8F9EA843-D587-479B-9624-F6BF6C97F144}.Debug|x64.Build.0 = Debug|Any CPU
		{8F9EA843-D587-479B-9624-F6BF6C97F144}.Debug|x86.ActiveCfg = Debug|Any CPU
		{8F9EA843-D587-479B-9624-F6BF6C97F144}.Debug|x86.Build.0 = Debug|Any CPU
		{8F9EA843-D587-479B-9624-F6BF6C97F144}.Release|Any CPU.ActiveCfg = Release|Any CPU
		{8F9EA843-D587-479B-9624-F6BF6C97F144}.Release|Any CPU.Build.0 = Release|Any CPU
		{8F9EA843-D587-479B-9624-F6BF6C97F144}.Release|x64.ActiveCfg = Release|Any CPU
		{8F9EA843-D587-479B-9624-F6BF6C97F144}.Release|x64.Build.0 = Release|Any CPU
		{8F9EA843-D587-479B-9624-F6BF6C97F144}.Release|x86.ActiveCfg = Release|Any CPU
		{8F9EA843-D587-479B-9624-F6BF6C97F144}.Release|x86.Build.0 = Release|Any CPU
		{C80CD405-B04A-4CCB-9019-0AE1AE9F6408}.Debug|Any CPU.ActiveCfg = Debug|Any CPU
		{C80CD405-B04A-4CCB-9019-0AE1AE9F6408}.Debug|Any CPU.Build.0 = Debug|Any CPU
		{C80CD405-B04A-4CCB-9019-0AE1AE9F6408}.Debug|x64.ActiveCfg = Debug|Any CPU
		{C80CD405-B04A-4CCB-9019-0AE1AE9F6408}.Debug|x64.Build.0 = Debug|Any CPU
		{C80CD405-B04A-4CCB-9019-0AE1AE9F6408}.Debug|x86.ActiveCfg = Debug|Any CPU
		{C80CD405-B04A-4CCB-9019-0AE1AE9F6408}.Debug|x86.Build.0 = Debug|Any CPU
		{C80CD405-B04A-4CCB-9019-0AE1AE9F6408}.Release|Any CPU.ActiveCfg = Release|Any CPU
		{C80CD405-B04A-4CCB-9019-0AE1AE9F6408}.Release|Any CPU.Build.0 = Release|Any CPU
		{C80CD405-B04A-4CCB-9019-0AE1AE9F6408}.Release|x64.ActiveCfg = Release|Any CPU
		{C80CD405-B04A-4CCB-9019-0AE1AE9F6408}.Release|x64.Build.0 = Release|Any CPU
		{C80CD405-B04A-4CCB-9019-0AE1AE9F6408}.Release|x86.ActiveCfg = Release|Any CPU
		{C80CD405-B04A-4CCB-9019-0AE1AE9F6408}.Release|x86.Build.0 = Release|Any CPU
		{C71650E3-6041-4C6B-B4FC-E80B8822C905}.Debug|Any CPU.ActiveCfg = Debug|Any CPU
		{C71650E3-6041-4C6B-B4FC-E80B8822C905}.Debug|Any CPU.Build.0 = Debug|Any CPU
		{C71650E3-6041-4C6B-B4FC-E80B8822C905}.Debug|x64.ActiveCfg = Debug|Any CPU
		{C71650E3-6041-4C6B-B4FC-E80B8822C905}.Debug|x64.Build.0 = Debug|Any CPU
		{C71650E3-6041-4C6B-B4FC-E80B8822C905}.Debug|x86.ActiveCfg = Debug|Any CPU
		{C71650E3-6041-4C6B-B4FC-E80B8822C905}.Debug|x86.Build.0 = Debug|Any CPU
		{C71650E3-6041-4C6B-B4FC-E80B8822C905}.Release|Any CPU.ActiveCfg = Release|Any CPU
		{C71650E3-6041-4C6B-B4FC-E80B8822C905}.Release|Any CPU.Build.0 = Release|Any CPU
		{C71650E3-6041-4C6B-B4FC-E80B8822C905}.Release|x64.ActiveCfg = Release|Any CPU
		{C71650E3-6041-4C6B-B4FC-E80B8822C905}.Release|x64.Build.0 = Release|Any CPU
		{C71650E3-6041-4C6B-B4FC-E80B8822C905}.Release|x86.ActiveCfg = Release|Any CPU
		{C71650E3-6041-4C6B-B4FC-E80B8822C905}.Release|x86.Build.0 = Release|Any CPU
		{2D8A3961-3CDE-4C74-987C-28FC05353A5B}.Debug|Any CPU.ActiveCfg = Debug|Any CPU
		{2D8A3961-3CDE-4C74-987C-28FC05353A5B}.Debug|Any CPU.Build.0 = Debug|Any CPU
		{2D8A3961-3CDE-4C74-987C-28FC05353A5B}.Debug|x64.ActiveCfg = Debug|Any CPU
		{2D8A3961-3CDE-4C74-987C-28FC05353A5B}.Debug|x64.Build.0 = Debug|Any CPU
		{2D8A3961-3CDE-4C74-987C-28FC05353A5B}.Debug|x86.ActiveCfg = Debug|Any CPU
		{2D8A3961-3CDE-4C74-987C-28FC05353A5B}.Debug|x86.Build.0 = Debug|Any CPU
		{2D8A3961-3CDE-4C74-987C-28FC05353A5B}.Release|Any CPU.ActiveCfg = Release|Any CPU
		{2D8A3961-3CDE-4C74-987C-28FC05353A5B}.Release|Any CPU.Build.0 = Release|Any CPU
		{2D8A3961-3CDE-4C74-987C-28FC05353A5B}.Release|x64.ActiveCfg = Release|Any CPU
		{2D8A3961-3CDE-4C74-987C-28FC05353A5B}.Release|x64.Build.0 = Release|Any CPU
		{2D8A3961-3CDE-4C74-987C-28FC05353A5B}.Release|x86.ActiveCfg = Release|Any CPU
		{2D8A3961-3CDE-4C74-987C-28FC05353A5B}.Release|x86.Build.0 = Release|Any CPU
		{8BC49814-E498-4FED-BF50-F8C728704AFC}.Debug|Any CPU.ActiveCfg = Debug|Any CPU
		{8BC49814-E498-4FED-BF50-F8C728704AFC}.Debug|Any CPU.Build.0 = Debug|Any CPU
		{8BC49814-E498-4FED-BF50-F8C728704AFC}.Debug|x64.ActiveCfg = Debug|Any CPU
		{8BC49814-E498-4FED-BF50-F8C728704AFC}.Debug|x64.Build.0 = Debug|Any CPU
		{8BC49814-E498-4FED-BF50-F8C728704AFC}.Debug|x86.ActiveCfg = Debug|Any CPU
		{8BC49814-E498-4FED-BF50-F8C728704AFC}.Debug|x86.Build.0 = Debug|Any CPU
		{8BC49814-E498-4FED-BF50-F8C728704AFC}.Release|Any CPU.ActiveCfg = Release|Any CPU
		{8BC49814-E498-4FED-BF50-F8C728704AFC}.Release|Any CPU.Build.0 = Release|Any CPU
		{8BC49814-E498-4FED-BF50-F8C728704AFC}.Release|x64.ActiveCfg = Release|Any CPU
		{8BC49814-E498-4FED-BF50-F8C728704AFC}.Release|x64.Build.0 = Release|Any CPU
		{8BC49814-E498-4FED-BF50-F8C728704AFC}.Release|x86.ActiveCfg = Release|Any CPU
		{8BC49814-E498-4FED-BF50-F8C728704AFC}.Release|x86.Build.0 = Release|Any CPU
		{D4AD6199-E2C0-40EF-A0D4-EC909596763E}.Debug|Any CPU.ActiveCfg = Debug|Any CPU
		{D4AD6199-E2C0-40EF-A0D4-EC909596763E}.Debug|Any CPU.Build.0 = Debug|Any CPU
		{D4AD6199-E2C0-40EF-A0D4-EC909596763E}.Debug|x64.ActiveCfg = Debug|Any CPU
		{D4AD6199-E2C0-40EF-A0D4-EC909596763E}.Debug|x64.Build.0 = Debug|Any CPU
		{D4AD6199-E2C0-40EF-A0D4-EC909596763E}.Debug|x86.ActiveCfg = Debug|Any CPU
		{D4AD6199-E2C0-40EF-A0D4-EC909596763E}.Debug|x86.Build.0 = Debug|Any CPU
		{D4AD6199-E2C0-40EF-A0D4-EC909596763E}.Release|Any CPU.ActiveCfg = Release|Any CPU
		{D4AD6199-E2C0-40EF-A0D4-EC909596763E}.Release|Any CPU.Build.0 = Release|Any CPU
		{D4AD6199-E2C0-40EF-A0D4-EC909596763E}.Release|x64.ActiveCfg = Release|Any CPU
		{D4AD6199-E2C0-40EF-A0D4-EC909596763E}.Release|x64.Build.0 = Release|Any CPU
		{D4AD6199-E2C0-40EF-A0D4-EC909596763E}.Release|x86.ActiveCfg = Release|Any CPU
		{D4AD6199-E2C0-40EF-A0D4-EC909596763E}.Release|x86.Build.0 = Release|Any CPU
		{5620324A-3809-4FD6-B5CA-A4F2B7813D5F}.Debug|Any CPU.ActiveCfg = Debug|Any CPU
		{5620324A-3809-4FD6-B5CA-A4F2B7813D5F}.Debug|Any CPU.Build.0 = Debug|Any CPU
		{5620324A-3809-4FD6-B5CA-A4F2B7813D5F}.Debug|x64.ActiveCfg = Debug|Any CPU
		{5620324A-3809-4FD6-B5CA-A4F2B7813D5F}.Debug|x64.Build.0 = Debug|Any CPU
		{5620324A-3809-4FD6-B5CA-A4F2B7813D5F}.Debug|x86.ActiveCfg = Debug|Any CPU
		{5620324A-3809-4FD6-B5CA-A4F2B7813D5F}.Debug|x86.Build.0 = Debug|Any CPU
		{5620324A-3809-4FD6-B5CA-A4F2B7813D5F}.Release|Any CPU.ActiveCfg = Release|Any CPU
		{5620324A-3809-4FD6-B5CA-A4F2B7813D5F}.Release|Any CPU.Build.0 = Release|Any CPU
		{5620324A-3809-4FD6-B5CA-A4F2B7813D5F}.Release|x64.ActiveCfg = Release|Any CPU
		{5620324A-3809-4FD6-B5CA-A4F2B7813D5F}.Release|x64.Build.0 = Release|Any CPU
		{5620324A-3809-4FD6-B5CA-A4F2B7813D5F}.Release|x86.ActiveCfg = Release|Any CPU
		{5620324A-3809-4FD6-B5CA-A4F2B7813D5F}.Release|x86.Build.0 = Release|Any CPU
		{1D99B324-5770-45E2-913F-10AF2A256B67}.Debug|Any CPU.ActiveCfg = Debug|Any CPU
		{1D99B324-5770-45E2-913F-10AF2A256B67}.Debug|Any CPU.Build.0 = Debug|Any CPU
		{1D99B324-5770-45E2-913F-10AF2A256B67}.Debug|x64.ActiveCfg = Debug|Any CPU
		{1D99B324-5770-45E2-913F-10AF2A256B67}.Debug|x64.Build.0 = Debug|Any CPU
		{1D99B324-5770-45E2-913F-10AF2A256B67}.Debug|x86.ActiveCfg = Debug|Any CPU
		{1D99B324-5770-45E2-913F-10AF2A256B67}.Debug|x86.Build.0 = Debug|Any CPU
		{1D99B324-5770-45E2-913F-10AF2A256B67}.Release|Any CPU.ActiveCfg = Release|Any CPU
		{1D99B324-5770-45E2-913F-10AF2A256B67}.Release|Any CPU.Build.0 = Release|Any CPU
		{1D99B324-5770-45E2-913F-10AF2A256B67}.Release|x64.ActiveCfg = Release|Any CPU
		{1D99B324-5770-45E2-913F-10AF2A256B67}.Release|x64.Build.0 = Release|Any CPU
		{1D99B324-5770-45E2-913F-10AF2A256B67}.Release|x86.ActiveCfg = Release|Any CPU
		{1D99B324-5770-45E2-913F-10AF2A256B67}.Release|x86.Build.0 = Release|Any CPU
		{1F118C9B-1CC7-4983-8275-03E39F1B5437}.Debug|Any CPU.ActiveCfg = Debug|Any CPU
		{1F118C9B-1CC7-4983-8275-03E39F1B5437}.Debug|Any CPU.Build.0 = Debug|Any CPU
		{1F118C9B-1CC7-4983-8275-03E39F1B5437}.Debug|x64.ActiveCfg = Debug|Any CPU
		{1F118C9B-1CC7-4983-8275-03E39F1B5437}.Debug|x64.Build.0 = Debug|Any CPU
		{1F118C9B-1CC7-4983-8275-03E39F1B5437}.Debug|x86.ActiveCfg = Debug|Any CPU
		{1F118C9B-1CC7-4983-8275-03E39F1B5437}.Debug|x86.Build.0 = Debug|Any CPU
		{1F118C9B-1CC7-4983-8275-03E39F1B5437}.Release|Any CPU.ActiveCfg = Release|Any CPU
		{1F118C9B-1CC7-4983-8275-03E39F1B5437}.Release|Any CPU.Build.0 = Release|Any CPU
		{1F118C9B-1CC7-4983-8275-03E39F1B5437}.Release|x64.ActiveCfg = Release|Any CPU
		{1F118C9B-1CC7-4983-8275-03E39F1B5437}.Release|x64.Build.0 = Release|Any CPU
		{1F118C9B-1CC7-4983-8275-03E39F1B5437}.Release|x86.ActiveCfg = Release|Any CPU
		{1F118C9B-1CC7-4983-8275-03E39F1B5437}.Release|x86.Build.0 = Release|Any CPU
		{66151EE0-67CD-41E4-A7E1-D3678D202641}.Debug|Any CPU.ActiveCfg = Debug|Any CPU
		{66151EE0-67CD-41E4-A7E1-D3678D202641}.Debug|Any CPU.Build.0 = Debug|Any CPU
		{66151EE0-67CD-41E4-A7E1-D3678D202641}.Debug|x64.ActiveCfg = Debug|Any CPU
		{66151EE0-67CD-41E4-A7E1-D3678D202641}.Debug|x64.Build.0 = Debug|Any CPU
		{66151EE0-67CD-41E4-A7E1-D3678D202641}.Debug|x86.ActiveCfg = Debug|Any CPU
		{66151EE0-67CD-41E4-A7E1-D3678D202641}.Debug|x86.Build.0 = Debug|Any CPU
		{66151EE0-67CD-41E4-A7E1-D3678D202641}.Release|Any CPU.ActiveCfg = Release|Any CPU
		{66151EE0-67CD-41E4-A7E1-D3678D202641}.Release|Any CPU.Build.0 = Release|Any CPU
		{66151EE0-67CD-41E4-A7E1-D3678D202641}.Release|x64.ActiveCfg = Release|Any CPU
		{66151EE0-67CD-41E4-A7E1-D3678D202641}.Release|x64.Build.0 = Release|Any CPU
		{66151EE0-67CD-41E4-A7E1-D3678D202641}.Release|x86.ActiveCfg = Release|Any CPU
		{66151EE0-67CD-41E4-A7E1-D3678D202641}.Release|x86.Build.0 = Release|Any CPU
		{D1D58C7E-EA41-4109-B4B2-BC012CBD8B93}.Debug|Any CPU.ActiveCfg = Debug|Any CPU
		{D1D58C7E-EA41-4109-B4B2-BC012CBD8B93}.Debug|Any CPU.Build.0 = Debug|Any CPU
		{D1D58C7E-EA41-4109-B4B2-BC012CBD8B93}.Debug|x64.ActiveCfg = Debug|Any CPU
		{D1D58C7E-EA41-4109-B4B2-BC012CBD8B93}.Debug|x64.Build.0 = Debug|Any CPU
		{D1D58C7E-EA41-4109-B4B2-BC012CBD8B93}.Debug|x86.ActiveCfg = Debug|Any CPU
		{D1D58C7E-EA41-4109-B4B2-BC012CBD8B93}.Debug|x86.Build.0 = Debug|Any CPU
		{D1D58C7E-EA41-4109-B4B2-BC012CBD8B93}.Release|Any CPU.ActiveCfg = Release|Any CPU
		{D1D58C7E-EA41-4109-B4B2-BC012CBD8B93}.Release|Any CPU.Build.0 = Release|Any CPU
		{D1D58C7E-EA41-4109-B4B2-BC012CBD8B93}.Release|x64.ActiveCfg = Release|Any CPU
		{D1D58C7E-EA41-4109-B4B2-BC012CBD8B93}.Release|x64.Build.0 = Release|Any CPU
		{D1D58C7E-EA41-4109-B4B2-BC012CBD8B93}.Release|x86.ActiveCfg = Release|Any CPU
		{D1D58C7E-EA41-4109-B4B2-BC012CBD8B93}.Release|x86.Build.0 = Release|Any CPU
		{83FF5B3B-193B-4443-B16A-33F5D5C65F52}.Debug|Any CPU.ActiveCfg = Debug|Any CPU
		{83FF5B3B-193B-4443-B16A-33F5D5C65F52}.Debug|Any CPU.Build.0 = Debug|Any CPU
		{83FF5B3B-193B-4443-B16A-33F5D5C65F52}.Debug|x64.ActiveCfg = Debug|Any CPU
		{83FF5B3B-193B-4443-B16A-33F5D5C65F52}.Debug|x64.Build.0 = Debug|Any CPU
		{83FF5B3B-193B-4443-B16A-33F5D5C65F52}.Debug|x86.ActiveCfg = Debug|Any CPU
		{83FF5B3B-193B-4443-B16A-33F5D5C65F52}.Debug|x86.Build.0 = Debug|Any CPU
		{83FF5B3B-193B-4443-B16A-33F5D5C65F52}.Release|Any CPU.ActiveCfg = Release|Any CPU
		{83FF5B3B-193B-4443-B16A-33F5D5C65F52}.Release|Any CPU.Build.0 = Release|Any CPU
		{83FF5B3B-193B-4443-B16A-33F5D5C65F52}.Release|x64.ActiveCfg = Release|Any CPU
		{83FF5B3B-193B-4443-B16A-33F5D5C65F52}.Release|x64.Build.0 = Release|Any CPU
		{83FF5B3B-193B-4443-B16A-33F5D5C65F52}.Release|x86.ActiveCfg = Release|Any CPU
		{83FF5B3B-193B-4443-B16A-33F5D5C65F52}.Release|x86.Build.0 = Release|Any CPU
		{4DCC2D6B-766E-489A-986A-84F4EB477F05}.Debug|Any CPU.ActiveCfg = Debug|Any CPU
		{4DCC2D6B-766E-489A-986A-84F4EB477F05}.Debug|Any CPU.Build.0 = Debug|Any CPU
		{4DCC2D6B-766E-489A-986A-84F4EB477F05}.Debug|x64.ActiveCfg = Debug|Any CPU
		{4DCC2D6B-766E-489A-986A-84F4EB477F05}.Debug|x64.Build.0 = Debug|Any CPU
		{4DCC2D6B-766E-489A-986A-84F4EB477F05}.Debug|x86.ActiveCfg = Debug|Any CPU
		{4DCC2D6B-766E-489A-986A-84F4EB477F05}.Debug|x86.Build.0 = Debug|Any CPU
		{4DCC2D6B-766E-489A-986A-84F4EB477F05}.Release|Any CPU.ActiveCfg = Release|Any CPU
		{4DCC2D6B-766E-489A-986A-84F4EB477F05}.Release|Any CPU.Build.0 = Release|Any CPU
		{4DCC2D6B-766E-489A-986A-84F4EB477F05}.Release|x64.ActiveCfg = Release|Any CPU
		{4DCC2D6B-766E-489A-986A-84F4EB477F05}.Release|x64.Build.0 = Release|Any CPU
		{4DCC2D6B-766E-489A-986A-84F4EB477F05}.Release|x86.ActiveCfg = Release|Any CPU
		{4DCC2D6B-766E-489A-986A-84F4EB477F05}.Release|x86.Build.0 = Release|Any CPU
		{C157F818-A30E-4C8F-819B-2422BCF500DA}.Debug|Any CPU.ActiveCfg = Debug|Any CPU
		{C157F818-A30E-4C8F-819B-2422BCF500DA}.Debug|Any CPU.Build.0 = Debug|Any CPU
		{C157F818-A30E-4C8F-819B-2422BCF500DA}.Debug|x64.ActiveCfg = Debug|Any CPU
		{C157F818-A30E-4C8F-819B-2422BCF500DA}.Debug|x64.Build.0 = Debug|Any CPU
		{C157F818-A30E-4C8F-819B-2422BCF500DA}.Debug|x86.ActiveCfg = Debug|Any CPU
		{C157F818-A30E-4C8F-819B-2422BCF500DA}.Debug|x86.Build.0 = Debug|Any CPU
		{C157F818-A30E-4C8F-819B-2422BCF500DA}.Release|Any CPU.ActiveCfg = Release|Any CPU
		{C157F818-A30E-4C8F-819B-2422BCF500DA}.Release|Any CPU.Build.0 = Release|Any CPU
		{C157F818-A30E-4C8F-819B-2422BCF500DA}.Release|x64.ActiveCfg = Release|Any CPU
		{C157F818-A30E-4C8F-819B-2422BCF500DA}.Release|x64.Build.0 = Release|Any CPU
		{C157F818-A30E-4C8F-819B-2422BCF500DA}.Release|x86.ActiveCfg = Release|Any CPU
		{C157F818-A30E-4C8F-819B-2422BCF500DA}.Release|x86.Build.0 = Release|Any CPU
		{4000EEF8-5588-4FF4-B362-6D45585F3EBD}.Debug|Any CPU.ActiveCfg = Debug|Any CPU
		{4000EEF8-5588-4FF4-B362-6D45585F3EBD}.Debug|Any CPU.Build.0 = Debug|Any CPU
		{4000EEF8-5588-4FF4-B362-6D45585F3EBD}.Debug|x64.ActiveCfg = Debug|Any CPU
		{4000EEF8-5588-4FF4-B362-6D45585F3EBD}.Debug|x64.Build.0 = Debug|Any CPU
		{4000EEF8-5588-4FF4-B362-6D45585F3EBD}.Debug|x86.ActiveCfg = Debug|Any CPU
		{4000EEF8-5588-4FF4-B362-6D45585F3EBD}.Debug|x86.Build.0 = Debug|Any CPU
		{4000EEF8-5588-4FF4-B362-6D45585F3EBD}.Release|Any CPU.ActiveCfg = Release|Any CPU
		{4000EEF8-5588-4FF4-B362-6D45585F3EBD}.Release|Any CPU.Build.0 = Release|Any CPU
		{4000EEF8-5588-4FF4-B362-6D45585F3EBD}.Release|x64.ActiveCfg = Release|Any CPU
		{4000EEF8-5588-4FF4-B362-6D45585F3EBD}.Release|x64.Build.0 = Release|Any CPU
		{4000EEF8-5588-4FF4-B362-6D45585F3EBD}.Release|x86.ActiveCfg = Release|Any CPU
		{4000EEF8-5588-4FF4-B362-6D45585F3EBD}.Release|x86.Build.0 = Release|Any CPU
		{6BBFD5E5-C157-45D9-8B56-348270E7E52F}.Debug|Any CPU.ActiveCfg = Debug|Any CPU
		{6BBFD5E5-C157-45D9-8B56-348270E7E52F}.Debug|Any CPU.Build.0 = Debug|Any CPU
		{6BBFD5E5-C157-45D9-8B56-348270E7E52F}.Debug|x64.ActiveCfg = Debug|Any CPU
		{6BBFD5E5-C157-45D9-8B56-348270E7E52F}.Debug|x64.Build.0 = Debug|Any CPU
		{6BBFD5E5-C157-45D9-8B56-348270E7E52F}.Debug|x86.ActiveCfg = Debug|Any CPU
		{6BBFD5E5-C157-45D9-8B56-348270E7E52F}.Debug|x86.Build.0 = Debug|Any CPU
		{6BBFD5E5-C157-45D9-8B56-348270E7E52F}.Release|Any CPU.ActiveCfg = Release|Any CPU
		{6BBFD5E5-C157-45D9-8B56-348270E7E52F}.Release|Any CPU.Build.0 = Release|Any CPU
		{6BBFD5E5-C157-45D9-8B56-348270E7E52F}.Release|x64.ActiveCfg = Release|Any CPU
		{6BBFD5E5-C157-45D9-8B56-348270E7E52F}.Release|x64.Build.0 = Release|Any CPU
		{6BBFD5E5-C157-45D9-8B56-348270E7E52F}.Release|x86.ActiveCfg = Release|Any CPU
		{6BBFD5E5-C157-45D9-8B56-348270E7E52F}.Release|x86.Build.0 = Release|Any CPU
		{D2A427EA-CC32-4E4E-B82B-81E1D2658B4A}.Debug|Any CPU.ActiveCfg = Debug|Any CPU
		{D2A427EA-CC32-4E4E-B82B-81E1D2658B4A}.Debug|Any CPU.Build.0 = Debug|Any CPU
		{D2A427EA-CC32-4E4E-B82B-81E1D2658B4A}.Debug|x64.ActiveCfg = Debug|Any CPU
		{D2A427EA-CC32-4E4E-B82B-81E1D2658B4A}.Debug|x64.Build.0 = Debug|Any CPU
		{D2A427EA-CC32-4E4E-B82B-81E1D2658B4A}.Debug|x86.ActiveCfg = Debug|Any CPU
		{D2A427EA-CC32-4E4E-B82B-81E1D2658B4A}.Debug|x86.Build.0 = Debug|Any CPU
		{D2A427EA-CC32-4E4E-B82B-81E1D2658B4A}.Release|Any CPU.ActiveCfg = Release|Any CPU
		{D2A427EA-CC32-4E4E-B82B-81E1D2658B4A}.Release|Any CPU.Build.0 = Release|Any CPU
		{D2A427EA-CC32-4E4E-B82B-81E1D2658B4A}.Release|x64.ActiveCfg = Release|Any CPU
		{D2A427EA-CC32-4E4E-B82B-81E1D2658B4A}.Release|x64.Build.0 = Release|Any CPU
		{D2A427EA-CC32-4E4E-B82B-81E1D2658B4A}.Release|x86.ActiveCfg = Release|Any CPU
		{D2A427EA-CC32-4E4E-B82B-81E1D2658B4A}.Release|x86.Build.0 = Release|Any CPU
		{8479138F-0D5F-4367-873C-00BC336D2BC9}.Debug|Any CPU.ActiveCfg = Debug|Any CPU
		{8479138F-0D5F-4367-873C-00BC336D2BC9}.Debug|Any CPU.Build.0 = Debug|Any CPU
		{8479138F-0D5F-4367-873C-00BC336D2BC9}.Debug|x64.ActiveCfg = Debug|Any CPU
		{8479138F-0D5F-4367-873C-00BC336D2BC9}.Debug|x64.Build.0 = Debug|Any CPU
		{8479138F-0D5F-4367-873C-00BC336D2BC9}.Debug|x86.ActiveCfg = Debug|Any CPU
		{8479138F-0D5F-4367-873C-00BC336D2BC9}.Debug|x86.Build.0 = Debug|Any CPU
		{8479138F-0D5F-4367-873C-00BC336D2BC9}.Release|Any CPU.ActiveCfg = Release|Any CPU
		{8479138F-0D5F-4367-873C-00BC336D2BC9}.Release|Any CPU.Build.0 = Release|Any CPU
		{8479138F-0D5F-4367-873C-00BC336D2BC9}.Release|x64.ActiveCfg = Release|Any CPU
		{8479138F-0D5F-4367-873C-00BC336D2BC9}.Release|x64.Build.0 = Release|Any CPU
		{8479138F-0D5F-4367-873C-00BC336D2BC9}.Release|x86.ActiveCfg = Release|Any CPU
		{8479138F-0D5F-4367-873C-00BC336D2BC9}.Release|x86.Build.0 = Release|Any CPU
		{36FE92CC-D0B4-4633-AF44-3C17B9CF71E2}.Debug|Any CPU.ActiveCfg = Debug|Any CPU
		{36FE92CC-D0B4-4633-AF44-3C17B9CF71E2}.Debug|Any CPU.Build.0 = Debug|Any CPU
		{36FE92CC-D0B4-4633-AF44-3C17B9CF71E2}.Debug|x64.ActiveCfg = Debug|Any CPU
		{36FE92CC-D0B4-4633-AF44-3C17B9CF71E2}.Debug|x64.Build.0 = Debug|Any CPU
		{36FE92CC-D0B4-4633-AF44-3C17B9CF71E2}.Debug|x86.ActiveCfg = Debug|Any CPU
		{36FE92CC-D0B4-4633-AF44-3C17B9CF71E2}.Debug|x86.Build.0 = Debug|Any CPU
		{36FE92CC-D0B4-4633-AF44-3C17B9CF71E2}.Release|Any CPU.ActiveCfg = Release|Any CPU
		{36FE92CC-D0B4-4633-AF44-3C17B9CF71E2}.Release|Any CPU.Build.0 = Release|Any CPU
		{36FE92CC-D0B4-4633-AF44-3C17B9CF71E2}.Release|x64.ActiveCfg = Release|Any CPU
		{36FE92CC-D0B4-4633-AF44-3C17B9CF71E2}.Release|x64.Build.0 = Release|Any CPU
		{36FE92CC-D0B4-4633-AF44-3C17B9CF71E2}.Release|x86.ActiveCfg = Release|Any CPU
		{36FE92CC-D0B4-4633-AF44-3C17B9CF71E2}.Release|x86.Build.0 = Release|Any CPU
		{27B847D3-1793-44B9-9E54-150D781515F5}.Debug|Any CPU.ActiveCfg = Debug|Any CPU
		{27B847D3-1793-44B9-9E54-150D781515F5}.Debug|Any CPU.Build.0 = Debug|Any CPU
		{27B847D3-1793-44B9-9E54-150D781515F5}.Debug|x64.ActiveCfg = Debug|Any CPU
		{27B847D3-1793-44B9-9E54-150D781515F5}.Debug|x64.Build.0 = Debug|Any CPU
		{27B847D3-1793-44B9-9E54-150D781515F5}.Debug|x86.ActiveCfg = Debug|Any CPU
		{27B847D3-1793-44B9-9E54-150D781515F5}.Debug|x86.Build.0 = Debug|Any CPU
		{27B847D3-1793-44B9-9E54-150D781515F5}.Release|Any CPU.ActiveCfg = Release|Any CPU
		{27B847D3-1793-44B9-9E54-150D781515F5}.Release|Any CPU.Build.0 = Release|Any CPU
		{27B847D3-1793-44B9-9E54-150D781515F5}.Release|x64.ActiveCfg = Release|Any CPU
		{27B847D3-1793-44B9-9E54-150D781515F5}.Release|x64.Build.0 = Release|Any CPU
		{27B847D3-1793-44B9-9E54-150D781515F5}.Release|x86.ActiveCfg = Release|Any CPU
		{27B847D3-1793-44B9-9E54-150D781515F5}.Release|x86.Build.0 = Release|Any CPU
		{1422A451-8AB9-4988-AEDF-872860FE1D2B}.Debug|Any CPU.ActiveCfg = Debug|Any CPU
		{1422A451-8AB9-4988-AEDF-872860FE1D2B}.Debug|Any CPU.Build.0 = Debug|Any CPU
		{1422A451-8AB9-4988-AEDF-872860FE1D2B}.Debug|x64.ActiveCfg = Debug|Any CPU
		{1422A451-8AB9-4988-AEDF-872860FE1D2B}.Debug|x64.Build.0 = Debug|Any CPU
		{1422A451-8AB9-4988-AEDF-872860FE1D2B}.Debug|x86.ActiveCfg = Debug|Any CPU
		{1422A451-8AB9-4988-AEDF-872860FE1D2B}.Debug|x86.Build.0 = Debug|Any CPU
		{1422A451-8AB9-4988-AEDF-872860FE1D2B}.Release|Any CPU.ActiveCfg = Release|Any CPU
		{1422A451-8AB9-4988-AEDF-872860FE1D2B}.Release|Any CPU.Build.0 = Release|Any CPU
		{1422A451-8AB9-4988-AEDF-872860FE1D2B}.Release|x64.ActiveCfg = Release|Any CPU
		{1422A451-8AB9-4988-AEDF-872860FE1D2B}.Release|x64.Build.0 = Release|Any CPU
		{1422A451-8AB9-4988-AEDF-872860FE1D2B}.Release|x86.ActiveCfg = Release|Any CPU
		{1422A451-8AB9-4988-AEDF-872860FE1D2B}.Release|x86.Build.0 = Release|Any CPU
		{733B6856-FDBE-484F-B593-FE9F1AB18091}.Debug|Any CPU.ActiveCfg = Debug|Any CPU
		{733B6856-FDBE-484F-B593-FE9F1AB18091}.Debug|Any CPU.Build.0 = Debug|Any CPU
		{733B6856-FDBE-484F-B593-FE9F1AB18091}.Debug|x64.ActiveCfg = Debug|Any CPU
		{733B6856-FDBE-484F-B593-FE9F1AB18091}.Debug|x64.Build.0 = Debug|Any CPU
		{733B6856-FDBE-484F-B593-FE9F1AB18091}.Debug|x86.ActiveCfg = Debug|Any CPU
		{733B6856-FDBE-484F-B593-FE9F1AB18091}.Debug|x86.Build.0 = Debug|Any CPU
		{733B6856-FDBE-484F-B593-FE9F1AB18091}.Release|Any CPU.ActiveCfg = Release|Any CPU
		{733B6856-FDBE-484F-B593-FE9F1AB18091}.Release|Any CPU.Build.0 = Release|Any CPU
		{733B6856-FDBE-484F-B593-FE9F1AB18091}.Release|x64.ActiveCfg = Release|Any CPU
		{733B6856-FDBE-484F-B593-FE9F1AB18091}.Release|x64.Build.0 = Release|Any CPU
		{733B6856-FDBE-484F-B593-FE9F1AB18091}.Release|x86.ActiveCfg = Release|Any CPU
		{733B6856-FDBE-484F-B593-FE9F1AB18091}.Release|x86.Build.0 = Release|Any CPU
		{EEE936DC-A1D8-4BAC-83D6-F45ECED13B80}.Debug|Any CPU.ActiveCfg = Debug|Any CPU
		{EEE936DC-A1D8-4BAC-83D6-F45ECED13B80}.Debug|Any CPU.Build.0 = Debug|Any CPU
		{EEE936DC-A1D8-4BAC-83D6-F45ECED13B80}.Debug|x64.ActiveCfg = Debug|Any CPU
		{EEE936DC-A1D8-4BAC-83D6-F45ECED13B80}.Debug|x64.Build.0 = Debug|Any CPU
		{EEE936DC-A1D8-4BAC-83D6-F45ECED13B80}.Debug|x86.ActiveCfg = Debug|Any CPU
		{EEE936DC-A1D8-4BAC-83D6-F45ECED13B80}.Debug|x86.Build.0 = Debug|Any CPU
		{EEE936DC-A1D8-4BAC-83D6-F45ECED13B80}.Release|Any CPU.ActiveCfg = Release|Any CPU
		{EEE936DC-A1D8-4BAC-83D6-F45ECED13B80}.Release|Any CPU.Build.0 = Release|Any CPU
		{EEE936DC-A1D8-4BAC-83D6-F45ECED13B80}.Release|x64.ActiveCfg = Release|Any CPU
		{EEE936DC-A1D8-4BAC-83D6-F45ECED13B80}.Release|x64.Build.0 = Release|Any CPU
		{EEE936DC-A1D8-4BAC-83D6-F45ECED13B80}.Release|x86.ActiveCfg = Release|Any CPU
		{EEE936DC-A1D8-4BAC-83D6-F45ECED13B80}.Release|x86.Build.0 = Release|Any CPU
		{48B3D134-34FF-4B83-80B5-0B95F4089E89}.Debug|Any CPU.ActiveCfg = Debug|Any CPU
		{48B3D134-34FF-4B83-80B5-0B95F4089E89}.Debug|Any CPU.Build.0 = Debug|Any CPU
		{48B3D134-34FF-4B83-80B5-0B95F4089E89}.Debug|x64.ActiveCfg = Debug|Any CPU
		{48B3D134-34FF-4B83-80B5-0B95F4089E89}.Debug|x64.Build.0 = Debug|Any CPU
		{48B3D134-34FF-4B83-80B5-0B95F4089E89}.Debug|x86.ActiveCfg = Debug|Any CPU
		{48B3D134-34FF-4B83-80B5-0B95F4089E89}.Debug|x86.Build.0 = Debug|Any CPU
		{48B3D134-34FF-4B83-80B5-0B95F4089E89}.Release|Any CPU.ActiveCfg = Release|Any CPU
		{48B3D134-34FF-4B83-80B5-0B95F4089E89}.Release|Any CPU.Build.0 = Release|Any CPU
		{48B3D134-34FF-4B83-80B5-0B95F4089E89}.Release|x64.ActiveCfg = Release|Any CPU
		{48B3D134-34FF-4B83-80B5-0B95F4089E89}.Release|x64.Build.0 = Release|Any CPU
		{48B3D134-34FF-4B83-80B5-0B95F4089E89}.Release|x86.ActiveCfg = Release|Any CPU
		{48B3D134-34FF-4B83-80B5-0B95F4089E89}.Release|x86.Build.0 = Release|Any CPU
		{8AB8373E-68DE-49AD-BB7D-E048BB1DC261}.Debug|Any CPU.ActiveCfg = Debug|Any CPU
		{8AB8373E-68DE-49AD-BB7D-E048BB1DC261}.Debug|Any CPU.Build.0 = Debug|Any CPU
		{8AB8373E-68DE-49AD-BB7D-E048BB1DC261}.Debug|x64.ActiveCfg = Debug|Any CPU
		{8AB8373E-68DE-49AD-BB7D-E048BB1DC261}.Debug|x64.Build.0 = Debug|Any CPU
		{8AB8373E-68DE-49AD-BB7D-E048BB1DC261}.Debug|x86.ActiveCfg = Debug|Any CPU
		{8AB8373E-68DE-49AD-BB7D-E048BB1DC261}.Debug|x86.Build.0 = Debug|Any CPU
		{8AB8373E-68DE-49AD-BB7D-E048BB1DC261}.Release|Any CPU.ActiveCfg = Release|Any CPU
		{8AB8373E-68DE-49AD-BB7D-E048BB1DC261}.Release|Any CPU.Build.0 = Release|Any CPU
		{8AB8373E-68DE-49AD-BB7D-E048BB1DC261}.Release|x64.ActiveCfg = Release|Any CPU
		{8AB8373E-68DE-49AD-BB7D-E048BB1DC261}.Release|x64.Build.0 = Release|Any CPU
		{8AB8373E-68DE-49AD-BB7D-E048BB1DC261}.Release|x86.ActiveCfg = Release|Any CPU
		{8AB8373E-68DE-49AD-BB7D-E048BB1DC261}.Release|x86.Build.0 = Release|Any CPU
		{6EFF2795-5DF6-4D48-A63C-BA6FF800D2F7}.Debug|Any CPU.ActiveCfg = Debug|Any CPU
		{6EFF2795-5DF6-4D48-A63C-BA6FF800D2F7}.Debug|Any CPU.Build.0 = Debug|Any CPU
		{6EFF2795-5DF6-4D48-A63C-BA6FF800D2F7}.Debug|x64.ActiveCfg = Debug|Any CPU
		{6EFF2795-5DF6-4D48-A63C-BA6FF800D2F7}.Debug|x64.Build.0 = Debug|Any CPU
		{6EFF2795-5DF6-4D48-A63C-BA6FF800D2F7}.Debug|x86.ActiveCfg = Debug|Any CPU
		{6EFF2795-5DF6-4D48-A63C-BA6FF800D2F7}.Debug|x86.Build.0 = Debug|Any CPU
		{6EFF2795-5DF6-4D48-A63C-BA6FF800D2F7}.Release|Any CPU.ActiveCfg = Release|Any CPU
		{6EFF2795-5DF6-4D48-A63C-BA6FF800D2F7}.Release|Any CPU.Build.0 = Release|Any CPU
		{6EFF2795-5DF6-4D48-A63C-BA6FF800D2F7}.Release|x64.ActiveCfg = Release|Any CPU
		{6EFF2795-5DF6-4D48-A63C-BA6FF800D2F7}.Release|x64.Build.0 = Release|Any CPU
		{6EFF2795-5DF6-4D48-A63C-BA6FF800D2F7}.Release|x86.ActiveCfg = Release|Any CPU
		{6EFF2795-5DF6-4D48-A63C-BA6FF800D2F7}.Release|x86.Build.0 = Release|Any CPU
		{4325684F-079D-42F3-BB4E-0EB80AC333BB}.Debug|Any CPU.ActiveCfg = Debug|Any CPU
		{4325684F-079D-42F3-BB4E-0EB80AC333BB}.Debug|Any CPU.Build.0 = Debug|Any CPU
		{4325684F-079D-42F3-BB4E-0EB80AC333BB}.Debug|x64.ActiveCfg = Debug|Any CPU
		{4325684F-079D-42F3-BB4E-0EB80AC333BB}.Debug|x64.Build.0 = Debug|Any CPU
		{4325684F-079D-42F3-BB4E-0EB80AC333BB}.Debug|x86.ActiveCfg = Debug|Any CPU
		{4325684F-079D-42F3-BB4E-0EB80AC333BB}.Debug|x86.Build.0 = Debug|Any CPU
		{4325684F-079D-42F3-BB4E-0EB80AC333BB}.Release|Any CPU.ActiveCfg = Release|Any CPU
		{4325684F-079D-42F3-BB4E-0EB80AC333BB}.Release|Any CPU.Build.0 = Release|Any CPU
		{4325684F-079D-42F3-BB4E-0EB80AC333BB}.Release|x64.ActiveCfg = Release|Any CPU
		{4325684F-079D-42F3-BB4E-0EB80AC333BB}.Release|x64.Build.0 = Release|Any CPU
		{4325684F-079D-42F3-BB4E-0EB80AC333BB}.Release|x86.ActiveCfg = Release|Any CPU
		{4325684F-079D-42F3-BB4E-0EB80AC333BB}.Release|x86.Build.0 = Release|Any CPU
		{3130F354-AA4A-4726-BD8F-52FE0022C308}.Debug|Any CPU.ActiveCfg = Debug|Any CPU
		{3130F354-AA4A-4726-BD8F-52FE0022C308}.Debug|Any CPU.Build.0 = Debug|Any CPU
		{3130F354-AA4A-4726-BD8F-52FE0022C308}.Debug|x64.ActiveCfg = Debug|Any CPU
		{3130F354-AA4A-4726-BD8F-52FE0022C308}.Debug|x64.Build.0 = Debug|Any CPU
		{3130F354-AA4A-4726-BD8F-52FE0022C308}.Debug|x86.ActiveCfg = Debug|Any CPU
		{3130F354-AA4A-4726-BD8F-52FE0022C308}.Debug|x86.Build.0 = Debug|Any CPU
		{3130F354-AA4A-4726-BD8F-52FE0022C308}.Release|Any CPU.ActiveCfg = Release|Any CPU
		{3130F354-AA4A-4726-BD8F-52FE0022C308}.Release|Any CPU.Build.0 = Release|Any CPU
		{3130F354-AA4A-4726-BD8F-52FE0022C308}.Release|x64.ActiveCfg = Release|Any CPU
		{3130F354-AA4A-4726-BD8F-52FE0022C308}.Release|x64.Build.0 = Release|Any CPU
		{3130F354-AA4A-4726-BD8F-52FE0022C308}.Release|x86.ActiveCfg = Release|Any CPU
		{3130F354-AA4A-4726-BD8F-52FE0022C308}.Release|x86.Build.0 = Release|Any CPU
		{3543AA37-3CF2-4178-8EFC-561C4CA27D93}.Debug|Any CPU.ActiveCfg = Debug|Any CPU
		{3543AA37-3CF2-4178-8EFC-561C4CA27D93}.Debug|Any CPU.Build.0 = Debug|Any CPU
		{3543AA37-3CF2-4178-8EFC-561C4CA27D93}.Debug|x64.ActiveCfg = Debug|Any CPU
		{3543AA37-3CF2-4178-8EFC-561C4CA27D93}.Debug|x64.Build.0 = Debug|Any CPU
		{3543AA37-3CF2-4178-8EFC-561C4CA27D93}.Debug|x86.ActiveCfg = Debug|Any CPU
		{3543AA37-3CF2-4178-8EFC-561C4CA27D93}.Debug|x86.Build.0 = Debug|Any CPU
		{3543AA37-3CF2-4178-8EFC-561C4CA27D93}.Release|Any CPU.ActiveCfg = Release|Any CPU
		{3543AA37-3CF2-4178-8EFC-561C4CA27D93}.Release|Any CPU.Build.0 = Release|Any CPU
		{3543AA37-3CF2-4178-8EFC-561C4CA27D93}.Release|x64.ActiveCfg = Release|Any CPU
		{3543AA37-3CF2-4178-8EFC-561C4CA27D93}.Release|x64.Build.0 = Release|Any CPU
		{3543AA37-3CF2-4178-8EFC-561C4CA27D93}.Release|x86.ActiveCfg = Release|Any CPU
		{3543AA37-3CF2-4178-8EFC-561C4CA27D93}.Release|x86.Build.0 = Release|Any CPU
		{83389435-9F84-416D-ABA9-2A6BF170DB3F}.Debug|Any CPU.ActiveCfg = Debug|Any CPU
		{83389435-9F84-416D-ABA9-2A6BF170DB3F}.Debug|Any CPU.Build.0 = Debug|Any CPU
		{83389435-9F84-416D-ABA9-2A6BF170DB3F}.Debug|x64.ActiveCfg = Debug|Any CPU
		{83389435-9F84-416D-ABA9-2A6BF170DB3F}.Debug|x64.Build.0 = Debug|Any CPU
		{83389435-9F84-416D-ABA9-2A6BF170DB3F}.Debug|x86.ActiveCfg = Debug|Any CPU
		{83389435-9F84-416D-ABA9-2A6BF170DB3F}.Debug|x86.Build.0 = Debug|Any CPU
		{83389435-9F84-416D-ABA9-2A6BF170DB3F}.Release|Any CPU.ActiveCfg = Release|Any CPU
		{83389435-9F84-416D-ABA9-2A6BF170DB3F}.Release|Any CPU.Build.0 = Release|Any CPU
		{83389435-9F84-416D-ABA9-2A6BF170DB3F}.Release|x64.ActiveCfg = Release|Any CPU
		{83389435-9F84-416D-ABA9-2A6BF170DB3F}.Release|x64.Build.0 = Release|Any CPU
		{83389435-9F84-416D-ABA9-2A6BF170DB3F}.Release|x86.ActiveCfg = Release|Any CPU
		{83389435-9F84-416D-ABA9-2A6BF170DB3F}.Release|x86.Build.0 = Release|Any CPU
		{7387D8F7-7DD9-482A-B0B9-4A696B9D0B00}.Debug|Any CPU.ActiveCfg = Debug|Any CPU
		{7387D8F7-7DD9-482A-B0B9-4A696B9D0B00}.Debug|Any CPU.Build.0 = Debug|Any CPU
		{7387D8F7-7DD9-482A-B0B9-4A696B9D0B00}.Debug|x64.ActiveCfg = Debug|Any CPU
		{7387D8F7-7DD9-482A-B0B9-4A696B9D0B00}.Debug|x64.Build.0 = Debug|Any CPU
		{7387D8F7-7DD9-482A-B0B9-4A696B9D0B00}.Debug|x86.ActiveCfg = Debug|Any CPU
		{7387D8F7-7DD9-482A-B0B9-4A696B9D0B00}.Debug|x86.Build.0 = Debug|Any CPU
		{7387D8F7-7DD9-482A-B0B9-4A696B9D0B00}.Release|Any CPU.ActiveCfg = Release|Any CPU
		{7387D8F7-7DD9-482A-B0B9-4A696B9D0B00}.Release|Any CPU.Build.0 = Release|Any CPU
		{7387D8F7-7DD9-482A-B0B9-4A696B9D0B00}.Release|x64.ActiveCfg = Release|Any CPU
		{7387D8F7-7DD9-482A-B0B9-4A696B9D0B00}.Release|x64.Build.0 = Release|Any CPU
		{7387D8F7-7DD9-482A-B0B9-4A696B9D0B00}.Release|x86.ActiveCfg = Release|Any CPU
		{7387D8F7-7DD9-482A-B0B9-4A696B9D0B00}.Release|x86.Build.0 = Release|Any CPU
		{57226358-A9A1-4232-AD51-C03B2D37A083}.Debug|Any CPU.ActiveCfg = Debug|Any CPU
		{57226358-A9A1-4232-AD51-C03B2D37A083}.Debug|Any CPU.Build.0 = Debug|Any CPU
		{57226358-A9A1-4232-AD51-C03B2D37A083}.Debug|x64.ActiveCfg = Debug|Any CPU
		{57226358-A9A1-4232-AD51-C03B2D37A083}.Debug|x64.Build.0 = Debug|Any CPU
		{57226358-A9A1-4232-AD51-C03B2D37A083}.Debug|x86.ActiveCfg = Debug|Any CPU
		{57226358-A9A1-4232-AD51-C03B2D37A083}.Debug|x86.Build.0 = Debug|Any CPU
		{57226358-A9A1-4232-AD51-C03B2D37A083}.Release|Any CPU.ActiveCfg = Release|Any CPU
		{57226358-A9A1-4232-AD51-C03B2D37A083}.Release|Any CPU.Build.0 = Release|Any CPU
		{57226358-A9A1-4232-AD51-C03B2D37A083}.Release|x64.ActiveCfg = Release|Any CPU
		{57226358-A9A1-4232-AD51-C03B2D37A083}.Release|x64.Build.0 = Release|Any CPU
		{57226358-A9A1-4232-AD51-C03B2D37A083}.Release|x86.ActiveCfg = Release|Any CPU
		{57226358-A9A1-4232-AD51-C03B2D37A083}.Release|x86.Build.0 = Release|Any CPU
		{F1536D21-C04D-4E85-A498-14F2C02670F0}.Debug|Any CPU.ActiveCfg = Debug|Any CPU
		{F1536D21-C04D-4E85-A498-14F2C02670F0}.Debug|Any CPU.Build.0 = Debug|Any CPU
		{F1536D21-C04D-4E85-A498-14F2C02670F0}.Debug|x64.ActiveCfg = Debug|Any CPU
		{F1536D21-C04D-4E85-A498-14F2C02670F0}.Debug|x64.Build.0 = Debug|Any CPU
		{F1536D21-C04D-4E85-A498-14F2C02670F0}.Debug|x86.ActiveCfg = Debug|Any CPU
		{F1536D21-C04D-4E85-A498-14F2C02670F0}.Debug|x86.Build.0 = Debug|Any CPU
		{F1536D21-C04D-4E85-A498-14F2C02670F0}.Release|Any CPU.ActiveCfg = Release|Any CPU
		{F1536D21-C04D-4E85-A498-14F2C02670F0}.Release|Any CPU.Build.0 = Release|Any CPU
		{F1536D21-C04D-4E85-A498-14F2C02670F0}.Release|x64.ActiveCfg = Release|Any CPU
		{F1536D21-C04D-4E85-A498-14F2C02670F0}.Release|x64.Build.0 = Release|Any CPU
		{F1536D21-C04D-4E85-A498-14F2C02670F0}.Release|x86.ActiveCfg = Release|Any CPU
		{F1536D21-C04D-4E85-A498-14F2C02670F0}.Release|x86.Build.0 = Release|Any CPU
	EndGlobalSection
	GlobalSection(SolutionProperties) = preSolution
		HideSolutionNode = FALSE
	EndGlobalSection
	GlobalSection(ExtensibilityGlobals) = postSolution
		SolutionGuid = {CDA8772C-4A6D-4407-B41E-4EC8EBAA8CAE}
	EndGlobalSection
EndGlobal
